// !$*UTF8*$!
{
	archiveVersion = 1;
	classes = {
	};
	objectVersion = 55;
	objects = {

/* Begin PBXBuildFile section */
		3A2BE14B28ED5DE3008AC355 /* AppDelegate.swift in Sources */ = {isa = PBXBuildFile; fileRef = 3A2BE14A28ED5DE3008AC355 /* AppDelegate.swift */; };
		3A2BE14D28ED5DE3008AC355 /* SceneDelegate.swift in Sources */ = {isa = PBXBuildFile; fileRef = 3A2BE14C28ED5DE3008AC355 /* SceneDelegate.swift */; };
		3A2BE15528ED5DE4008AC355 /* GitHuber.xcdatamodeld in Sources */ = {isa = PBXBuildFile; fileRef = 3A2BE15328ED5DE4008AC355 /* GitHuber.xcdatamodeld */; };
		3A2BE15A28ED5DE7008AC355 /* LaunchScreen.storyboard in Resources */ = {isa = PBXBuildFile; fileRef = 3A2BE15828ED5DE7008AC355 /* LaunchScreen.storyboard */; };
		3A2BE16F28ED5DE8008AC355 /* GitHuberUITests.swift in Sources */ = {isa = PBXBuildFile; fileRef = 3A2BE16E28ED5DE8008AC355 /* GitHuberUITests.swift */; };
		3A2BE17128ED5DE8008AC355 /* GitHuberUITestsLaunchTests.swift in Sources */ = {isa = PBXBuildFile; fileRef = 3A2BE17028ED5DE8008AC355 /* GitHuberUITestsLaunchTests.swift */; };
		3A2BE19128ED65D8008AC355 /* UsersListView.swift in Sources */ = {isa = PBXBuildFile; fileRef = 3A2BE19028ED65D8008AC355 /* UsersListView.swift */; };
		3A2BE19528ED65F5008AC355 /* UserProfileView.swift in Sources */ = {isa = PBXBuildFile; fileRef = 3A2BE19428ED65F5008AC355 /* UserProfileView.swift */; };
		3A2BE19828ED660F008AC355 /* UserProfile.storyboard in Resources */ = {isa = PBXBuildFile; fileRef = 3A2BE19728ED660F008AC355 /* UserProfile.storyboard */; };
		3A2BE19B28ED679B008AC355 /* CoordinatorType.swift in Sources */ = {isa = PBXBuildFile; fileRef = 3A2BE19A28ED679B008AC355 /* CoordinatorType.swift */; };
		3A2BE19D28ED67C2008AC355 /* BaseView.swift in Sources */ = {isa = PBXBuildFile; fileRef = 3A2BE19C28ED67C2008AC355 /* BaseView.swift */; };
		3A2BE1A128ED6D52008AC355 /* UsersListCoordinator.swift in Sources */ = {isa = PBXBuildFile; fileRef = 3A2BE1A028ED6D52008AC355 /* UsersListCoordinator.swift */; };
		3A2BE1A328ED6DAD008AC355 /* UsersListCoordinatorType.swift in Sources */ = {isa = PBXBuildFile; fileRef = 3A2BE1A228ED6DAD008AC355 /* UsersListCoordinatorType.swift */; };
		3A2BE1A528ED6DCF008AC355 /* UsersListViewModelType.swift in Sources */ = {isa = PBXBuildFile; fileRef = 3A2BE1A428ED6DCF008AC355 /* UsersListViewModelType.swift */; };
		3A2BE1A728ED6DDC008AC355 /* UsersListViewModel.swift in Sources */ = {isa = PBXBuildFile; fileRef = 3A2BE1A628ED6DDC008AC355 /* UsersListViewModel.swift */; };
		3A2BE1A928ED6DF7008AC355 /* UserProfileViewModelType.swift in Sources */ = {isa = PBXBuildFile; fileRef = 3A2BE1A828ED6DF7008AC355 /* UserProfileViewModelType.swift */; };
		3A2BE1AB28ED6E04008AC355 /* UserProfileViewModel.swift in Sources */ = {isa = PBXBuildFile; fileRef = 3A2BE1AA28ED6E04008AC355 /* UserProfileViewModel.swift */; };
		3A2BE1AD28ED6E4B008AC355 /* UserProfileCoordinatorType.swift in Sources */ = {isa = PBXBuildFile; fileRef = 3A2BE1AC28ED6E4B008AC355 /* UserProfileCoordinatorType.swift */; };
		3A2BE1AF28ED6E5E008AC355 /* UserProfileCoordinator.swift in Sources */ = {isa = PBXBuildFile; fileRef = 3A2BE1AE28ED6E5E008AC355 /* UserProfileCoordinator.swift */; };
		3A2BE1B128ED774D008AC355 /* ViewModelType.swift in Sources */ = {isa = PBXBuildFile; fileRef = 3A2BE1B028ED774D008AC355 /* ViewModelType.swift */; };
		3A2BE1B328ED9D61008AC355 /* DatabaseServiceType.swift in Sources */ = {isa = PBXBuildFile; fileRef = 3A2BE1B228ED9D61008AC355 /* DatabaseServiceType.swift */; };
		3A2BE1B528ED9D6E008AC355 /* DatabaseService.swift in Sources */ = {isa = PBXBuildFile; fileRef = 3A2BE1B428ED9D6E008AC355 /* DatabaseService.swift */; };
		3A2BE1B928ED9DBD008AC355 /* NetworkConnectionListenerType.swift in Sources */ = {isa = PBXBuildFile; fileRef = 3A2BE1B828ED9DBD008AC355 /* NetworkConnectionListenerType.swift */; };
		3A2BE1BB28ED9DC8008AC355 /* NetworkConnectionListener.swift in Sources */ = {isa = PBXBuildFile; fileRef = 3A2BE1BA28ED9DC8008AC355 /* NetworkConnectionListener.swift */; };
		3A2BE1BD28ED9DD7008AC355 /* APIClientType.swift in Sources */ = {isa = PBXBuildFile; fileRef = 3A2BE1BC28ED9DD7008AC355 /* APIClientType.swift */; };
		3A2BE1BF28ED9DE2008AC355 /* APIClient.swift in Sources */ = {isa = PBXBuildFile; fileRef = 3A2BE1BE28ED9DE2008AC355 /* APIClient.swift */; };
		3A2BE1C228ED9E39008AC355 /* ColorsAssets.xcassets in Resources */ = {isa = PBXBuildFile; fileRef = 3A2BE1C128ED9E39008AC355 /* ColorsAssets.xcassets */; };
		3A2BE1C428ED9E47008AC355 /* IconsAssets.xcassets in Resources */ = {isa = PBXBuildFile; fileRef = 3A2BE1C328ED9E47008AC355 /* IconsAssets.xcassets */; };
		3A2BE1C828ED9EA3008AC355 /* ImageInversionType.swift in Sources */ = {isa = PBXBuildFile; fileRef = 3A2BE1C728ED9EA3008AC355 /* ImageInversionType.swift */; };
		3A2BE1CA28ED9EB1008AC355 /* ImageInversion.swift in Sources */ = {isa = PBXBuildFile; fileRef = 3A2BE1C928ED9EB1008AC355 /* ImageInversion.swift */; };
		3A2BE1CF28EDD96F008AC355 /* EndpointMethod.swift in Sources */ = {isa = PBXBuildFile; fileRef = 3A2BE1CE28EDD96F008AC355 /* EndpointMethod.swift */; };
		3A2BE1D228EDD9E2008AC355 /* APIConfig.swift in Sources */ = {isa = PBXBuildFile; fileRef = 3A2BE1D128EDD9E2008AC355 /* APIConfig.swift */; };
		3A2BE1D528EDDA2B008AC355 /* APIConfig.plist in Resources */ = {isa = PBXBuildFile; fileRef = 3A2BE1D428EDDA2B008AC355 /* APIConfig.plist */; };
		3A2BE1D828EDDBF1008AC355 /* APIConfigType.swift in Sources */ = {isa = PBXBuildFile; fileRef = 3A2BE1D728EDDBF1008AC355 /* APIConfigType.swift */; };
		3A2BE1DA28EDE223008AC355 /* Endpoint.swift in Sources */ = {isa = PBXBuildFile; fileRef = 3A2BE1D928EDE223008AC355 /* Endpoint.swift */; };
		3A2BE1E028EDE371008AC355 /* User.swift in Sources */ = {isa = PBXBuildFile; fileRef = 3A2BE1DF28EDE371008AC355 /* User.swift */; };
		3A2BE1E228EDE7AB008AC355 /* UserProfile.swift in Sources */ = {isa = PBXBuildFile; fileRef = 3A2BE1E128EDE7AB008AC355 /* UserProfile.swift */; };
		3A2BE1E528EDE9B3008AC355 /* APIClientError.swift in Sources */ = {isa = PBXBuildFile; fileRef = 3A2BE1E428EDE9B3008AC355 /* APIClientError.swift */; };
		3A2BE1E728EDEA46008AC355 /* ErrorResponse.swift in Sources */ = {isa = PBXBuildFile; fileRef = 3A2BE1E628EDEA46008AC355 /* ErrorResponse.swift */; };
		3A2BE1EE28EE24AD008AC355 /* NetworkConnectionListenerDelegate.swift in Sources */ = {isa = PBXBuildFile; fileRef = 3A2BE1ED28EE24AD008AC355 /* NetworkConnectionListenerDelegate.swift */; };
		3A2BE1F028EE2F0B008AC355 /* UserCellType.swift in Sources */ = {isa = PBXBuildFile; fileRef = 3A2BE1EF28EE2F0B008AC355 /* UserCellType.swift */; };
		3A2BE1F528EE2F52008AC355 /* NormalUserCell.swift in Sources */ = {isa = PBXBuildFile; fileRef = 3A2BE1F428EE2F52008AC355 /* NormalUserCell.swift */; };
		3A2BE1F728EE2F5E008AC355 /* NoteUserCell.swift in Sources */ = {isa = PBXBuildFile; fileRef = 3A2BE1F628EE2F5E008AC355 /* NoteUserCell.swift */; };
		3A2BE1F928EE2F6D008AC355 /* InvertedUserCell.swift in Sources */ = {isa = PBXBuildFile; fileRef = 3A2BE1F828EE2F6D008AC355 /* InvertedUserCell.swift */; };
		3A2BE1FC28EE33BB008AC355 /* FileSystemManagerType.swift in Sources */ = {isa = PBXBuildFile; fileRef = 3A2BE1FB28EE33BB008AC355 /* FileSystemManagerType.swift */; };
		3A2BE1FE28EE33C7008AC355 /* FileSystemManager.swift in Sources */ = {isa = PBXBuildFile; fileRef = 3A2BE1FD28EE33C7008AC355 /* FileSystemManager.swift */; };
		3A2BE20228EECAEC008AC355 /* NormalUserCellViewModel.swift in Sources */ = {isa = PBXBuildFile; fileRef = 3A2BE20128EECAEC008AC355 /* NormalUserCellViewModel.swift */; };
		3A2BE20428EECB00008AC355 /* NoteUserCellViewModel.swift in Sources */ = {isa = PBXBuildFile; fileRef = 3A2BE20328EECB00008AC355 /* NoteUserCellViewModel.swift */; };
		3A2BE20628EECB1E008AC355 /* InvertedUserCellViewModel.swift in Sources */ = {isa = PBXBuildFile; fileRef = 3A2BE20528EECB1E008AC355 /* InvertedUserCellViewModel.swift */; };
		3A2BE20828EECB98008AC355 /* UserModelType.swift in Sources */ = {isa = PBXBuildFile; fileRef = 3A2BE20728EECB98008AC355 /* UserModelType.swift */; };
		3A2BE20B28EECF63008AC355 /* BaseCell.swift in Sources */ = {isa = PBXBuildFile; fileRef = 3A2BE20A28EECF63008AC355 /* BaseCell.swift */; };
		3A2BE20D28EED268008AC355 /* CellViewModelType.swift in Sources */ = {isa = PBXBuildFile; fileRef = 3A2BE20C28EED268008AC355 /* CellViewModelType.swift */; };
		3A2BE22228EED6DA008AC355 /* CellType.swift in Sources */ = {isa = PBXBuildFile; fileRef = 3A2BE22128EED6DA008AC355 /* CellType.swift */; };
		3A2BE22828EEECA3008AC355 /* UserCellBindableData.swift in Sources */ = {isa = PBXBuildFile; fileRef = 3A2BE22728EEECA3008AC355 /* UserCellBindableData.swift */; };
		3A2BE23A28EF3E43008AC355 /* NormalUserCellViewModelType.swift in Sources */ = {isa = PBXBuildFile; fileRef = 3A2BE23928EF3E43008AC355 /* NormalUserCellViewModelType.swift */; };
		3A2BE23C28EF4A43008AC355 /* NormalUserCell.xib in Resources */ = {isa = PBXBuildFile; fileRef = 3A2BE23B28EF4A43008AC355 /* NormalUserCell.xib */; };
		3A2BE24028EF4B6C008AC355 /* NoteUserCellViewModelType.swift in Sources */ = {isa = PBXBuildFile; fileRef = 3A2BE23F28EF4B6C008AC355 /* NoteUserCellViewModelType.swift */; };
		3A2BE26528F03C8E008AC355 /* DatabaseError.swift in Sources */ = {isa = PBXBuildFile; fileRef = 3A2BE26428F03C8E008AC355 /* DatabaseError.swift */; };
		3A2BE26928F0658B008AC355 /* InvertedUserCellViewModelType.swift in Sources */ = {isa = PBXBuildFile; fileRef = 3A2BE26828F0658B008AC355 /* InvertedUserCellViewModelType.swift */; };
		3A2BE26B28F0684A008AC355 /* UIView+Extension.swift in Sources */ = {isa = PBXBuildFile; fileRef = 3A2BE26A28F0684A008AC355 /* UIView+Extension.swift */; };
		3A2BE26D28F0756E008AC355 /* NoteUserCell.xib in Resources */ = {isa = PBXBuildFile; fileRef = 3A2BE26C28F0756E008AC355 /* NoteUserCell.xib */; };
		3A2BE26F28F075AE008AC355 /* InvertedUserCell.xib in Resources */ = {isa = PBXBuildFile; fileRef = 3A2BE26E28F075AE008AC355 /* InvertedUserCell.xib */; };
		3A2BE27128F08987008AC355 /* FileType.swift in Sources */ = {isa = PBXBuildFile; fileRef = 3A2BE27028F08987008AC355 /* FileType.swift */; };
		3A2BE28128F19B19008AC355 /* APIClientDelegate.swift in Sources */ = {isa = PBXBuildFile; fileRef = 3A2BE28028F19B19008AC355 /* APIClientDelegate.swift */; };
		3A3C852328F3525500B6A41D /* MockAPIClient.swift in Sources */ = {isa = PBXBuildFile; fileRef = 3A3C852228F3525500B6A41D /* MockAPIClient.swift */; };
		3A3C852528F352B400B6A41D /* MockDatabaseService.swift in Sources */ = {isa = PBXBuildFile; fileRef = 3A3C852428F352B400B6A41D /* MockDatabaseService.swift */; };
		3A3C852728F352D200B6A41D /* MockFileSystemManager.swift in Sources */ = {isa = PBXBuildFile; fileRef = 3A3C852628F352D200B6A41D /* MockFileSystemManager.swift */; };
		3A3C852928F352FC00B6A41D /* MockImageInversion.swift in Sources */ = {isa = PBXBuildFile; fileRef = 3A3C852828F352FC00B6A41D /* MockImageInversion.swift */; };
		3A3C852E28F355E500B6A41D /* TestCoreDataStack.swift in Sources */ = {isa = PBXBuildFile; fileRef = 3A3C852D28F355E500B6A41D /* TestCoreDataStack.swift */; };
		3A3C853028F35E6300B6A41D /* UsersListViewModelTests.swift in Sources */ = {isa = PBXBuildFile; fileRef = 3A3C852F28F35E6300B6A41D /* UsersListViewModelTests.swift */; };
		3A3C853228F35E7400B6A41D /* UserProfileViewModelTests.swift in Sources */ = {isa = PBXBuildFile; fileRef = 3A3C853128F35E7400B6A41D /* UserProfileViewModelTests.swift */; };
		3A3C853428F35E8F00B6A41D /* NormalUserCellViewModelTests.swift in Sources */ = {isa = PBXBuildFile; fileRef = 3A3C853328F35E8F00B6A41D /* NormalUserCellViewModelTests.swift */; };
		3A3C853628F35EA200B6A41D /* NoteUserCellViewModelTests.swift in Sources */ = {isa = PBXBuildFile; fileRef = 3A3C853528F35EA200B6A41D /* NoteUserCellViewModelTests.swift */; };
		3A3C853828F35EB200B6A41D /* InvertedUserCellViewModelTests.swift in Sources */ = {isa = PBXBuildFile; fileRef = 3A3C853728F35EB200B6A41D /* InvertedUserCellViewModelTests.swift */; };
		3A3C853A28F3654E00B6A41D /* MockNetworkConnectionListener.swift in Sources */ = {isa = PBXBuildFile; fileRef = 3A3C853928F3654E00B6A41D /* MockNetworkConnectionListener.swift */; };
		3A3C853C28F3743400B6A41D /* MockUsersListCoordinator.swift in Sources */ = {isa = PBXBuildFile; fileRef = 3A3C853B28F3743400B6A41D /* MockUsersListCoordinator.swift */; };
		3A3C854028F3745900B6A41D /* MockUserProfileCoordinator.swift in Sources */ = {isa = PBXBuildFile; fileRef = 3A3C853F28F3745900B6A41D /* MockUserProfileCoordinator.swift */; };
		3A3C854328F39C3200B6A41D /* CoreDataTests.swift in Sources */ = {isa = PBXBuildFile; fileRef = 3A3C854228F39C3200B6A41D /* CoreDataTests.swift */; };
		3AA6A44E28F70059005AE697 /* CoreDataStack.swift in Sources */ = {isa = PBXBuildFile; fileRef = 3AA6A44D28F70059005AE697 /* CoreDataStack.swift */; };
		3AA6A45028F705B8005AE697 /* CoreDataStackType.swift in Sources */ = {isa = PBXBuildFile; fileRef = 3AA6A44F28F705B8005AE697 /* CoreDataStackType.swift */; };
		3AA6A46528F75654005AE697 /* NoteEntity+CoreDataClass.swift in Sources */ = {isa = PBXBuildFile; fileRef = 3AA6A45F28F75654005AE697 /* NoteEntity+CoreDataClass.swift */; };
		3AA6A46628F75654005AE697 /* NoteEntity+CoreDataProperties.swift in Sources */ = {isa = PBXBuildFile; fileRef = 3AA6A46028F75654005AE697 /* NoteEntity+CoreDataProperties.swift */; };
		3AA6A46728F75654005AE697 /* UserEntity+CoreDataClass.swift in Sources */ = {isa = PBXBuildFile; fileRef = 3AA6A46128F75654005AE697 /* UserEntity+CoreDataClass.swift */; };
		3AA6A46828F75654005AE697 /* UserEntity+CoreDataProperties.swift in Sources */ = {isa = PBXBuildFile; fileRef = 3AA6A46228F75654005AE697 /* UserEntity+CoreDataProperties.swift */; };
		3AA6A46928F75654005AE697 /* UserProfileEntity+CoreDataClass.swift in Sources */ = {isa = PBXBuildFile; fileRef = 3AA6A46328F75654005AE697 /* UserProfileEntity+CoreDataClass.swift */; };
		3AA6A46A28F75654005AE697 /* UserProfileEntity+CoreDataProperties.swift in Sources */ = {isa = PBXBuildFile; fileRef = 3AA6A46428F75654005AE697 /* UserProfileEntity+CoreDataProperties.swift */; };
		3ABFBE4828F2D5FC0070B400 /* UserProfileViewBindableData.swift in Sources */ = {isa = PBXBuildFile; fileRef = 3ABFBE4728F2D5FC0070B400 /* UserProfileViewBindableData.swift */; };
/* End PBXBuildFile section */

/* Begin PBXContainerItemProxy section */
		3A2BE16128ED5DE8008AC355 /* PBXContainerItemProxy */ = {
			isa = PBXContainerItemProxy;
			containerPortal = 3A2BE13F28ED5DE3008AC355 /* Project object */;
			proxyType = 1;
			remoteGlobalIDString = 3A2BE14628ED5DE3008AC355;
			remoteInfo = GitHuber;
		};
		3A2BE16B28ED5DE8008AC355 /* PBXContainerItemProxy */ = {
			isa = PBXContainerItemProxy;
			containerPortal = 3A2BE13F28ED5DE3008AC355 /* Project object */;
			proxyType = 1;
			remoteGlobalIDString = 3A2BE14628ED5DE3008AC355;
			remoteInfo = GitHuber;
		};
/* End PBXContainerItemProxy section */

/* Begin PBXFileReference section */
		3A2BE14728ED5DE3008AC355 /* GitHuber.app */ = {isa = PBXFileReference; explicitFileType = wrapper.application; includeInIndex = 0; path = GitHuber.app; sourceTree = BUILT_PRODUCTS_DIR; };
		3A2BE14A28ED5DE3008AC355 /* AppDelegate.swift */ = {isa = PBXFileReference; lastKnownFileType = sourcecode.swift; path = AppDelegate.swift; sourceTree = "<group>"; };
		3A2BE14C28ED5DE3008AC355 /* SceneDelegate.swift */ = {isa = PBXFileReference; lastKnownFileType = sourcecode.swift; path = SceneDelegate.swift; sourceTree = "<group>"; };
		3A2BE15428ED5DE4008AC355 /* GitHuber.xcdatamodel */ = {isa = PBXFileReference; lastKnownFileType = wrapper.xcdatamodel; path = GitHuber.xcdatamodel; sourceTree = "<group>"; };
		3A2BE15928ED5DE7008AC355 /* Base */ = {isa = PBXFileReference; lastKnownFileType = file.storyboard; name = Base; path = Base.lproj/LaunchScreen.storyboard; sourceTree = "<group>"; };
		3A2BE15B28ED5DE7008AC355 /* Info.plist */ = {isa = PBXFileReference; lastKnownFileType = text.plist.xml; path = Info.plist; sourceTree = "<group>"; };
		3A2BE16028ED5DE8008AC355 /* GitHuberTests.xctest */ = {isa = PBXFileReference; explicitFileType = wrapper.cfbundle; includeInIndex = 0; path = GitHuberTests.xctest; sourceTree = BUILT_PRODUCTS_DIR; };
		3A2BE16A28ED5DE8008AC355 /* GitHuberUITests.xctest */ = {isa = PBXFileReference; explicitFileType = wrapper.cfbundle; includeInIndex = 0; path = GitHuberUITests.xctest; sourceTree = BUILT_PRODUCTS_DIR; };
		3A2BE16E28ED5DE8008AC355 /* GitHuberUITests.swift */ = {isa = PBXFileReference; lastKnownFileType = sourcecode.swift; path = GitHuberUITests.swift; sourceTree = "<group>"; };
		3A2BE17028ED5DE8008AC355 /* GitHuberUITestsLaunchTests.swift */ = {isa = PBXFileReference; lastKnownFileType = sourcecode.swift; path = GitHuberUITestsLaunchTests.swift; sourceTree = "<group>"; };
		3A2BE19028ED65D8008AC355 /* UsersListView.swift */ = {isa = PBXFileReference; lastKnownFileType = sourcecode.swift; path = UsersListView.swift; sourceTree = "<group>"; };
		3A2BE19428ED65F5008AC355 /* UserProfileView.swift */ = {isa = PBXFileReference; lastKnownFileType = sourcecode.swift; path = UserProfileView.swift; sourceTree = "<group>"; };
		3A2BE19728ED660F008AC355 /* UserProfile.storyboard */ = {isa = PBXFileReference; lastKnownFileType = file.storyboard; path = UserProfile.storyboard; sourceTree = "<group>"; };
		3A2BE19A28ED679B008AC355 /* CoordinatorType.swift */ = {isa = PBXFileReference; lastKnownFileType = sourcecode.swift; path = CoordinatorType.swift; sourceTree = "<group>"; };
		3A2BE19C28ED67C2008AC355 /* BaseView.swift */ = {isa = PBXFileReference; lastKnownFileType = sourcecode.swift; path = BaseView.swift; sourceTree = "<group>"; };
		3A2BE1A028ED6D52008AC355 /* UsersListCoordinator.swift */ = {isa = PBXFileReference; lastKnownFileType = sourcecode.swift; path = UsersListCoordinator.swift; sourceTree = "<group>"; };
		3A2BE1A228ED6DAD008AC355 /* UsersListCoordinatorType.swift */ = {isa = PBXFileReference; lastKnownFileType = sourcecode.swift; path = UsersListCoordinatorType.swift; sourceTree = "<group>"; };
		3A2BE1A428ED6DCF008AC355 /* UsersListViewModelType.swift */ = {isa = PBXFileReference; lastKnownFileType = sourcecode.swift; path = UsersListViewModelType.swift; sourceTree = "<group>"; };
		3A2BE1A628ED6DDC008AC355 /* UsersListViewModel.swift */ = {isa = PBXFileReference; lastKnownFileType = sourcecode.swift; path = UsersListViewModel.swift; sourceTree = "<group>"; };
		3A2BE1A828ED6DF7008AC355 /* UserProfileViewModelType.swift */ = {isa = PBXFileReference; lastKnownFileType = sourcecode.swift; path = UserProfileViewModelType.swift; sourceTree = "<group>"; };
		3A2BE1AA28ED6E04008AC355 /* UserProfileViewModel.swift */ = {isa = PBXFileReference; lastKnownFileType = sourcecode.swift; path = UserProfileViewModel.swift; sourceTree = "<group>"; };
		3A2BE1AC28ED6E4B008AC355 /* UserProfileCoordinatorType.swift */ = {isa = PBXFileReference; lastKnownFileType = sourcecode.swift; path = UserProfileCoordinatorType.swift; sourceTree = "<group>"; };
		3A2BE1AE28ED6E5E008AC355 /* UserProfileCoordinator.swift */ = {isa = PBXFileReference; lastKnownFileType = sourcecode.swift; path = UserProfileCoordinator.swift; sourceTree = "<group>"; };
		3A2BE1B028ED774D008AC355 /* ViewModelType.swift */ = {isa = PBXFileReference; lastKnownFileType = sourcecode.swift; path = ViewModelType.swift; sourceTree = "<group>"; };
		3A2BE1B228ED9D61008AC355 /* DatabaseServiceType.swift */ = {isa = PBXFileReference; lastKnownFileType = sourcecode.swift; path = DatabaseServiceType.swift; sourceTree = "<group>"; };
		3A2BE1B428ED9D6E008AC355 /* DatabaseService.swift */ = {isa = PBXFileReference; lastKnownFileType = sourcecode.swift; path = DatabaseService.swift; sourceTree = "<group>"; };
		3A2BE1B828ED9DBD008AC355 /* NetworkConnectionListenerType.swift */ = {isa = PBXFileReference; lastKnownFileType = sourcecode.swift; path = NetworkConnectionListenerType.swift; sourceTree = "<group>"; };
		3A2BE1BA28ED9DC8008AC355 /* NetworkConnectionListener.swift */ = {isa = PBXFileReference; lastKnownFileType = sourcecode.swift; path = NetworkConnectionListener.swift; sourceTree = "<group>"; };
		3A2BE1BC28ED9DD7008AC355 /* APIClientType.swift */ = {isa = PBXFileReference; lastKnownFileType = sourcecode.swift; path = APIClientType.swift; sourceTree = "<group>"; };
		3A2BE1BE28ED9DE2008AC355 /* APIClient.swift */ = {isa = PBXFileReference; lastKnownFileType = sourcecode.swift; path = APIClient.swift; sourceTree = "<group>"; };
		3A2BE1C128ED9E39008AC355 /* ColorsAssets.xcassets */ = {isa = PBXFileReference; lastKnownFileType = folder.assetcatalog; path = ColorsAssets.xcassets; sourceTree = "<group>"; };
		3A2BE1C328ED9E47008AC355 /* IconsAssets.xcassets */ = {isa = PBXFileReference; lastKnownFileType = folder.assetcatalog; path = IconsAssets.xcassets; sourceTree = "<group>"; };
		3A2BE1C728ED9EA3008AC355 /* ImageInversionType.swift */ = {isa = PBXFileReference; lastKnownFileType = sourcecode.swift; path = ImageInversionType.swift; sourceTree = "<group>"; };
		3A2BE1C928ED9EB1008AC355 /* ImageInversion.swift */ = {isa = PBXFileReference; lastKnownFileType = sourcecode.swift; path = ImageInversion.swift; sourceTree = "<group>"; };
		3A2BE1CE28EDD96F008AC355 /* EndpointMethod.swift */ = {isa = PBXFileReference; lastKnownFileType = sourcecode.swift; path = EndpointMethod.swift; sourceTree = "<group>"; };
		3A2BE1D128EDD9E2008AC355 /* APIConfig.swift */ = {isa = PBXFileReference; lastKnownFileType = sourcecode.swift; path = APIConfig.swift; sourceTree = "<group>"; };
		3A2BE1D428EDDA2B008AC355 /* APIConfig.plist */ = {isa = PBXFileReference; lastKnownFileType = text.plist.xml; path = APIConfig.plist; sourceTree = "<group>"; };
		3A2BE1D728EDDBF1008AC355 /* APIConfigType.swift */ = {isa = PBXFileReference; lastKnownFileType = sourcecode.swift; path = APIConfigType.swift; sourceTree = "<group>"; };
		3A2BE1D928EDE223008AC355 /* Endpoint.swift */ = {isa = PBXFileReference; lastKnownFileType = sourcecode.swift; path = Endpoint.swift; sourceTree = "<group>"; };
		3A2BE1DF28EDE371008AC355 /* User.swift */ = {isa = PBXFileReference; lastKnownFileType = sourcecode.swift; path = User.swift; sourceTree = "<group>"; };
		3A2BE1E128EDE7AB008AC355 /* UserProfile.swift */ = {isa = PBXFileReference; lastKnownFileType = sourcecode.swift; path = UserProfile.swift; sourceTree = "<group>"; };
		3A2BE1E428EDE9B3008AC355 /* APIClientError.swift */ = {isa = PBXFileReference; lastKnownFileType = sourcecode.swift; path = APIClientError.swift; sourceTree = "<group>"; };
		3A2BE1E628EDEA46008AC355 /* ErrorResponse.swift */ = {isa = PBXFileReference; lastKnownFileType = sourcecode.swift; path = ErrorResponse.swift; sourceTree = "<group>"; };
		3A2BE1ED28EE24AD008AC355 /* NetworkConnectionListenerDelegate.swift */ = {isa = PBXFileReference; lastKnownFileType = sourcecode.swift; path = NetworkConnectionListenerDelegate.swift; sourceTree = "<group>"; };
		3A2BE1EF28EE2F0B008AC355 /* UserCellType.swift */ = {isa = PBXFileReference; lastKnownFileType = sourcecode.swift; path = UserCellType.swift; sourceTree = "<group>"; };
		3A2BE1F428EE2F52008AC355 /* NormalUserCell.swift */ = {isa = PBXFileReference; lastKnownFileType = sourcecode.swift; path = NormalUserCell.swift; sourceTree = "<group>"; };
		3A2BE1F628EE2F5E008AC355 /* NoteUserCell.swift */ = {isa = PBXFileReference; lastKnownFileType = sourcecode.swift; path = NoteUserCell.swift; sourceTree = "<group>"; };
		3A2BE1F828EE2F6D008AC355 /* InvertedUserCell.swift */ = {isa = PBXFileReference; lastKnownFileType = sourcecode.swift; path = InvertedUserCell.swift; sourceTree = "<group>"; };
		3A2BE1FB28EE33BB008AC355 /* FileSystemManagerType.swift */ = {isa = PBXFileReference; lastKnownFileType = sourcecode.swift; path = FileSystemManagerType.swift; sourceTree = "<group>"; };
		3A2BE1FD28EE33C7008AC355 /* FileSystemManager.swift */ = {isa = PBXFileReference; lastKnownFileType = sourcecode.swift; path = FileSystemManager.swift; sourceTree = "<group>"; };
		3A2BE20128EECAEC008AC355 /* NormalUserCellViewModel.swift */ = {isa = PBXFileReference; lastKnownFileType = sourcecode.swift; path = NormalUserCellViewModel.swift; sourceTree = "<group>"; };
		3A2BE20328EECB00008AC355 /* NoteUserCellViewModel.swift */ = {isa = PBXFileReference; lastKnownFileType = sourcecode.swift; path = NoteUserCellViewModel.swift; sourceTree = "<group>"; };
		3A2BE20528EECB1E008AC355 /* InvertedUserCellViewModel.swift */ = {isa = PBXFileReference; lastKnownFileType = sourcecode.swift; path = InvertedUserCellViewModel.swift; sourceTree = "<group>"; };
		3A2BE20728EECB98008AC355 /* UserModelType.swift */ = {isa = PBXFileReference; lastKnownFileType = sourcecode.swift; path = UserModelType.swift; sourceTree = "<group>"; };
		3A2BE20A28EECF63008AC355 /* BaseCell.swift */ = {isa = PBXFileReference; lastKnownFileType = sourcecode.swift; path = BaseCell.swift; sourceTree = "<group>"; };
		3A2BE20C28EED268008AC355 /* CellViewModelType.swift */ = {isa = PBXFileReference; lastKnownFileType = sourcecode.swift; path = CellViewModelType.swift; sourceTree = "<group>"; };
		3A2BE22128EED6DA008AC355 /* CellType.swift */ = {isa = PBXFileReference; lastKnownFileType = sourcecode.swift; path = CellType.swift; sourceTree = "<group>"; };
		3A2BE22728EEECA3008AC355 /* UserCellBindableData.swift */ = {isa = PBXFileReference; lastKnownFileType = sourcecode.swift; path = UserCellBindableData.swift; sourceTree = "<group>"; };
		3A2BE23928EF3E43008AC355 /* NormalUserCellViewModelType.swift */ = {isa = PBXFileReference; lastKnownFileType = sourcecode.swift; path = NormalUserCellViewModelType.swift; sourceTree = "<group>"; };
		3A2BE23B28EF4A43008AC355 /* NormalUserCell.xib */ = {isa = PBXFileReference; lastKnownFileType = file.xib; path = NormalUserCell.xib; sourceTree = "<group>"; };
		3A2BE23F28EF4B6C008AC355 /* NoteUserCellViewModelType.swift */ = {isa = PBXFileReference; lastKnownFileType = sourcecode.swift; path = NoteUserCellViewModelType.swift; sourceTree = "<group>"; };
		3A2BE26428F03C8E008AC355 /* DatabaseError.swift */ = {isa = PBXFileReference; lastKnownFileType = sourcecode.swift; path = DatabaseError.swift; sourceTree = "<group>"; };
		3A2BE26828F0658B008AC355 /* InvertedUserCellViewModelType.swift */ = {isa = PBXFileReference; lastKnownFileType = sourcecode.swift; path = InvertedUserCellViewModelType.swift; sourceTree = "<group>"; };
		3A2BE26A28F0684A008AC355 /* UIView+Extension.swift */ = {isa = PBXFileReference; lastKnownFileType = sourcecode.swift; path = "UIView+Extension.swift"; sourceTree = "<group>"; };
		3A2BE26C28F0756E008AC355 /* NoteUserCell.xib */ = {isa = PBXFileReference; lastKnownFileType = file.xib; path = NoteUserCell.xib; sourceTree = "<group>"; };
		3A2BE26E28F075AE008AC355 /* InvertedUserCell.xib */ = {isa = PBXFileReference; lastKnownFileType = file.xib; path = InvertedUserCell.xib; sourceTree = "<group>"; };
		3A2BE27028F08987008AC355 /* FileType.swift */ = {isa = PBXFileReference; lastKnownFileType = sourcecode.swift; path = FileType.swift; sourceTree = "<group>"; };
		3A2BE28028F19B19008AC355 /* APIClientDelegate.swift */ = {isa = PBXFileReference; lastKnownFileType = sourcecode.swift; path = APIClientDelegate.swift; sourceTree = "<group>"; };
		3A3C852228F3525500B6A41D /* MockAPIClient.swift */ = {isa = PBXFileReference; lastKnownFileType = sourcecode.swift; path = MockAPIClient.swift; sourceTree = "<group>"; };
		3A3C852428F352B400B6A41D /* MockDatabaseService.swift */ = {isa = PBXFileReference; lastKnownFileType = sourcecode.swift; path = MockDatabaseService.swift; sourceTree = "<group>"; };
		3A3C852628F352D200B6A41D /* MockFileSystemManager.swift */ = {isa = PBXFileReference; lastKnownFileType = sourcecode.swift; path = MockFileSystemManager.swift; sourceTree = "<group>"; };
		3A3C852828F352FC00B6A41D /* MockImageInversion.swift */ = {isa = PBXFileReference; lastKnownFileType = sourcecode.swift; path = MockImageInversion.swift; sourceTree = "<group>"; };
		3A3C852D28F355E500B6A41D /* TestCoreDataStack.swift */ = {isa = PBXFileReference; lastKnownFileType = sourcecode.swift; path = TestCoreDataStack.swift; sourceTree = "<group>"; };
		3A3C852F28F35E6300B6A41D /* UsersListViewModelTests.swift */ = {isa = PBXFileReference; lastKnownFileType = sourcecode.swift; path = UsersListViewModelTests.swift; sourceTree = "<group>"; };
		3A3C853128F35E7400B6A41D /* UserProfileViewModelTests.swift */ = {isa = PBXFileReference; lastKnownFileType = sourcecode.swift; path = UserProfileViewModelTests.swift; sourceTree = "<group>"; };
		3A3C853328F35E8F00B6A41D /* NormalUserCellViewModelTests.swift */ = {isa = PBXFileReference; lastKnownFileType = sourcecode.swift; path = NormalUserCellViewModelTests.swift; sourceTree = "<group>"; };
		3A3C853528F35EA200B6A41D /* NoteUserCellViewModelTests.swift */ = {isa = PBXFileReference; lastKnownFileType = sourcecode.swift; path = NoteUserCellViewModelTests.swift; sourceTree = "<group>"; };
		3A3C853728F35EB200B6A41D /* InvertedUserCellViewModelTests.swift */ = {isa = PBXFileReference; lastKnownFileType = sourcecode.swift; path = InvertedUserCellViewModelTests.swift; sourceTree = "<group>"; };
		3A3C853928F3654E00B6A41D /* MockNetworkConnectionListener.swift */ = {isa = PBXFileReference; lastKnownFileType = sourcecode.swift; path = MockNetworkConnectionListener.swift; sourceTree = "<group>"; };
		3A3C853B28F3743400B6A41D /* MockUsersListCoordinator.swift */ = {isa = PBXFileReference; lastKnownFileType = sourcecode.swift; path = MockUsersListCoordinator.swift; sourceTree = "<group>"; };
		3A3C853F28F3745900B6A41D /* MockUserProfileCoordinator.swift */ = {isa = PBXFileReference; lastKnownFileType = sourcecode.swift; path = MockUserProfileCoordinator.swift; sourceTree = "<group>"; };
		3A3C854228F39C3200B6A41D /* CoreDataTests.swift */ = {isa = PBXFileReference; lastKnownFileType = sourcecode.swift; path = CoreDataTests.swift; sourceTree = "<group>"; };
		3AA6A44D28F70059005AE697 /* CoreDataStack.swift */ = {isa = PBXFileReference; lastKnownFileType = sourcecode.swift; path = CoreDataStack.swift; sourceTree = "<group>"; };
		3AA6A44F28F705B8005AE697 /* CoreDataStackType.swift */ = {isa = PBXFileReference; lastKnownFileType = sourcecode.swift; path = CoreDataStackType.swift; sourceTree = "<group>"; };
		3AA6A45F28F75654005AE697 /* NoteEntity+CoreDataClass.swift */ = {isa = PBXFileReference; lastKnownFileType = sourcecode.swift; path = "NoteEntity+CoreDataClass.swift"; sourceTree = "<group>"; };
		3AA6A46028F75654005AE697 /* NoteEntity+CoreDataProperties.swift */ = {isa = PBXFileReference; lastKnownFileType = sourcecode.swift; path = "NoteEntity+CoreDataProperties.swift"; sourceTree = "<group>"; };
		3AA6A46128F75654005AE697 /* UserEntity+CoreDataClass.swift */ = {isa = PBXFileReference; lastKnownFileType = sourcecode.swift; path = "UserEntity+CoreDataClass.swift"; sourceTree = "<group>"; };
		3AA6A46228F75654005AE697 /* UserEntity+CoreDataProperties.swift */ = {isa = PBXFileReference; lastKnownFileType = sourcecode.swift; path = "UserEntity+CoreDataProperties.swift"; sourceTree = "<group>"; };
		3AA6A46328F75654005AE697 /* UserProfileEntity+CoreDataClass.swift */ = {isa = PBXFileReference; lastKnownFileType = sourcecode.swift; path = "UserProfileEntity+CoreDataClass.swift"; sourceTree = "<group>"; };
		3AA6A46428F75654005AE697 /* UserProfileEntity+CoreDataProperties.swift */ = {isa = PBXFileReference; lastKnownFileType = sourcecode.swift; path = "UserProfileEntity+CoreDataProperties.swift"; sourceTree = "<group>"; };
		3ABFBE4728F2D5FC0070B400 /* UserProfileViewBindableData.swift */ = {isa = PBXFileReference; lastKnownFileType = sourcecode.swift; path = UserProfileViewBindableData.swift; sourceTree = "<group>"; };
/* End PBXFileReference section */

/* Begin PBXFrameworksBuildPhase section */
		3A2BE14428ED5DE3008AC355 /* Frameworks */ = {
			isa = PBXFrameworksBuildPhase;
			buildActionMask = 2147483647;
			files = (
			);
			runOnlyForDeploymentPostprocessing = 0;
		};
		3A2BE15D28ED5DE8008AC355 /* Frameworks */ = {
			isa = PBXFrameworksBuildPhase;
			buildActionMask = 2147483647;
			files = (
			);
			runOnlyForDeploymentPostprocessing = 0;
		};
		3A2BE16728ED5DE8008AC355 /* Frameworks */ = {
			isa = PBXFrameworksBuildPhase;
			buildActionMask = 2147483647;
			files = (
			);
			runOnlyForDeploymentPostprocessing = 0;
		};
/* End PBXFrameworksBuildPhase section */

/* Begin PBXGroup section */
		3A2BE13E28ED5DE3008AC355 = {
			isa = PBXGroup;
			children = (
				3A2BE14928ED5DE3008AC355 /* GitHuber */,
				3A2BE16328ED5DE8008AC355 /* GitHuberTests */,
				3A2BE16D28ED5DE8008AC355 /* GitHuberUITests */,
				3A2BE14828ED5DE3008AC355 /* Products */,
			);
			sourceTree = "<group>";
		};
		3A2BE14828ED5DE3008AC355 /* Products */ = {
			isa = PBXGroup;
			children = (
				3A2BE14728ED5DE3008AC355 /* GitHuber.app */,
				3A2BE16028ED5DE8008AC355 /* GitHuberTests.xctest */,
				3A2BE16A28ED5DE8008AC355 /* GitHuberUITests.xctest */,
			);
			name = Products;
			sourceTree = "<group>";
		};
		3A2BE14928ED5DE3008AC355 /* GitHuber */ = {
			isa = PBXGroup;
			children = (
				3A2BE17D28ED5E57008AC355 /* Core */,
				3A2BE24928F01733008AC355 /* Extensions */,
				3A2BE21728EED3FE008AC355 /* Models */,
				3A2BE17E28ED5E84008AC355 /* UI */,
				3A2BE18128ED5EC3008AC355 /* Services */,
				3A2BE18328ED5F06008AC355 /* Resources */,
				3A2BE15B28ED5DE7008AC355 /* Info.plist */,
			);
			path = GitHuber;
			sourceTree = "<group>";
		};
		3A2BE16328ED5DE8008AC355 /* GitHuberTests */ = {
			isa = PBXGroup;
			children = (
				3A3C852D28F355E500B6A41D /* TestCoreDataStack.swift */,
				3A3C854128F3885D00B6A41D /* CoreDataTests */,
				3A2BE24728EF68CC008AC355 /* Mocks */,
				3A2BE24428EF6899008AC355 /* UsersListViewModelTests */,
				3A2BE24628EF68B2008AC355 /* UserProfileViewModelTests */,
				3A3C852C28F3535700B6A41D /* InvertedUserCellViewModelTests */,
				3A3C852B28F3534800B6A41D /* NoteUserCellViewModelTests */,
				3A3C852A28F3533200B6A41D /* NormalUserCellViewModelTests */,
			);
			path = GitHuberTests;
			sourceTree = "<group>";
		};
		3A2BE16D28ED5DE8008AC355 /* GitHuberUITests */ = {
			isa = PBXGroup;
			children = (
				3A2BE16E28ED5DE8008AC355 /* GitHuberUITests.swift */,
				3A2BE17028ED5DE8008AC355 /* GitHuberUITestsLaunchTests.swift */,
			);
			path = GitHuberUITests;
			sourceTree = "<group>";
		};
		3A2BE17D28ED5E57008AC355 /* Core */ = {
			isa = PBXGroup;
			children = (
				3A2BE1D028EDD9D3008AC355 /* Config */,
				3A2BE19928ED6763008AC355 /* Base */,
				3A2BE14A28ED5DE3008AC355 /* AppDelegate.swift */,
				3A2BE14C28ED5DE3008AC355 /* SceneDelegate.swift */,
			);
			path = Core;
			sourceTree = "<group>";
		};
		3A2BE17E28ED5E84008AC355 /* UI */ = {
			isa = PBXGroup;
			children = (
				3A2BE18528ED6033008AC355 /* LaunchScreen */,
				3A2BE17F28ED5E8A008AC355 /* Modules */,
				3A2BE18028ED5EB0008AC355 /* Cells */,
			);
			path = UI;
			sourceTree = "<group>";
		};
		3A2BE17F28ED5E8A008AC355 /* Modules */ = {
			isa = PBXGroup;
			children = (
				3A2BE18728ED6471008AC355 /* UsersList */,
				3A2BE18628ED6465008AC355 /*  UserProfile */,
			);
			path = Modules;
			sourceTree = "<group>";
		};
		3A2BE18028ED5EB0008AC355 /* Cells */ = {
			isa = PBXGroup;
			children = (
				3A2BE22128EED6DA008AC355 /* CellType.swift */,
				3A2BE22628EEEC94008AC355 /* Models */,
				3A2BE1F128EE2F0F008AC355 /* NormalUserCell */,
				3A2BE1F228EE2F28008AC355 /* NoteUserCell */,
				3A2BE1F328EE2F2F008AC355 /* InvertedUserCell */,
			);
			path = Cells;
			sourceTree = "<group>";
		};
		3A2BE18128ED5EC3008AC355 /* Services */ = {
			isa = PBXGroup;
			children = (
				3A2BE1FA28EE33A8008AC355 /* FileSystemManager */,
				3A2BE1C628ED9E82008AC355 /* ImageInvertion */,
				3A2BE18F28ED64BE008AC355 /* Database */,
				3A2BE18E28ED64B7008AC355 /* Network */,
			);
			path = Services;
			sourceTree = "<group>";
		};
		3A2BE18328ED5F06008AC355 /* Resources */ = {
			isa = PBXGroup;
			children = (
				3A2BE1C028ED9E12008AC355 /* Icons */,
				3A2BE18428ED5F36008AC355 /* Colors */,
			);
			path = Resources;
			sourceTree = "<group>";
		};
		3A2BE18428ED5F36008AC355 /* Colors */ = {
			isa = PBXGroup;
			children = (
				3A2BE1C128ED9E39008AC355 /* ColorsAssets.xcassets */,
			);
			path = Colors;
			sourceTree = "<group>";
		};
		3A2BE18528ED6033008AC355 /* LaunchScreen */ = {
			isa = PBXGroup;
			children = (
				3A2BE15828ED5DE7008AC355 /* LaunchScreen.storyboard */,
			);
			path = LaunchScreen;
			sourceTree = "<group>";
		};
		3A2BE18628ED6465008AC355 /*  UserProfile */ = {
			isa = PBXGroup;
			children = (
				3ABFBE4928F2DA9C0070B400 /* Models */,
				3A2BE18D28ED64A2008AC355 /* Coordinator */,
				3A2BE18C28ED649D008AC355 /* View */,
				3A2BE18B28ED6495008AC355 /* ViewModel */,
			);
			path = " UserProfile";
			sourceTree = "<group>";
		};
		3A2BE18728ED6471008AC355 /* UsersList */ = {
			isa = PBXGroup;
			children = (
				3A2BE18A28ED648C008AC355 /* Coordinator */,
				3A2BE18928ED6487008AC355 /* View */,
				3A2BE18828ED647E008AC355 /* ViewModel */,
			);
			path = UsersList;
			sourceTree = "<group>";
		};
		3A2BE18828ED647E008AC355 /* ViewModel */ = {
			isa = PBXGroup;
			children = (
				3A2BE1A428ED6DCF008AC355 /* UsersListViewModelType.swift */,
				3A2BE1A628ED6DDC008AC355 /* UsersListViewModel.swift */,
			);
			path = ViewModel;
			sourceTree = "<group>";
		};
		3A2BE18928ED6487008AC355 /* View */ = {
			isa = PBXGroup;
			children = (
				3A2BE19028ED65D8008AC355 /* UsersListView.swift */,
			);
			path = View;
			sourceTree = "<group>";
		};
		3A2BE18A28ED648C008AC355 /* Coordinator */ = {
			isa = PBXGroup;
			children = (
				3A2BE1A228ED6DAD008AC355 /* UsersListCoordinatorType.swift */,
				3A2BE1A028ED6D52008AC355 /* UsersListCoordinator.swift */,
			);
			path = Coordinator;
			sourceTree = "<group>";
		};
		3A2BE18B28ED6495008AC355 /* ViewModel */ = {
			isa = PBXGroup;
			children = (
				3A2BE1A828ED6DF7008AC355 /* UserProfileViewModelType.swift */,
				3A2BE1AA28ED6E04008AC355 /* UserProfileViewModel.swift */,
			);
			path = ViewModel;
			sourceTree = "<group>";
		};
		3A2BE18C28ED649D008AC355 /* View */ = {
			isa = PBXGroup;
			children = (
				3A2BE19728ED660F008AC355 /* UserProfile.storyboard */,
				3A2BE19428ED65F5008AC355 /* UserProfileView.swift */,
			);
			path = View;
			sourceTree = "<group>";
		};
		3A2BE18D28ED64A2008AC355 /* Coordinator */ = {
			isa = PBXGroup;
			children = (
				3A2BE1AC28ED6E4B008AC355 /* UserProfileCoordinatorType.swift */,
				3A2BE1AE28ED6E5E008AC355 /* UserProfileCoordinator.swift */,
			);
			path = Coordinator;
			sourceTree = "<group>";
		};
		3A2BE18E28ED64B7008AC355 /* Network */ = {
			isa = PBXGroup;
			children = (
				3A2BE1B728ED9D7D008AC355 /* Reachability */,
				3A2BE1B628ED9D76008AC355 /* APIClient */,
			);
			path = Network;
			sourceTree = "<group>";
		};
		3A2BE18F28ED64BE008AC355 /* Database */ = {
			isa = PBXGroup;
			children = (
				3AA6A44C28F70044005AE697 /* CoreDataStack */,
				3A2BE26628F03C93008AC355 /* Errors */,
				3A2BE20928EECC81008AC355 /* Entities */,
				3A2BE1C528ED9E5F008AC355 /* Scheme */,
				3A2BE1B228ED9D61008AC355 /* DatabaseServiceType.swift */,
				3A2BE1B428ED9D6E008AC355 /* DatabaseService.swift */,
			);
			path = Database;
			sourceTree = "<group>";
		};
		3A2BE19928ED6763008AC355 /* Base */ = {
			isa = PBXGroup;
			children = (
				3A2BE19A28ED679B008AC355 /* CoordinatorType.swift */,
				3A2BE19C28ED67C2008AC355 /* BaseView.swift */,
				3A2BE20A28EECF63008AC355 /* BaseCell.swift */,
				3A2BE1EF28EE2F0B008AC355 /* UserCellType.swift */,
				3A2BE1B028ED774D008AC355 /* ViewModelType.swift */,
				3A2BE20728EECB98008AC355 /* UserModelType.swift */,
				3A2BE20C28EED268008AC355 /* CellViewModelType.swift */,
			);
			path = Base;
			sourceTree = "<group>";
		};
		3A2BE1B628ED9D76008AC355 /* APIClient */ = {
			isa = PBXGroup;
			children = (
				3A2BE1E328EDE9A0008AC355 /* Errors */,
				3A2BE1CD28EDD93C008AC355 /* Endpoint */,
				3A2BE1BC28ED9DD7008AC355 /* APIClientType.swift */,
				3A2BE1BE28ED9DE2008AC355 /* APIClient.swift */,
			);
			path = APIClient;
			sourceTree = "<group>";
		};
		3A2BE1B728ED9D7D008AC355 /* Reachability */ = {
			isa = PBXGroup;
			children = (
				3A2BE1ED28EE24AD008AC355 /* NetworkConnectionListenerDelegate.swift */,
				3A2BE1B828ED9DBD008AC355 /* NetworkConnectionListenerType.swift */,
				3A2BE1BA28ED9DC8008AC355 /* NetworkConnectionListener.swift */,
			);
			path = Reachability;
			sourceTree = "<group>";
		};
		3A2BE1C028ED9E12008AC355 /* Icons */ = {
			isa = PBXGroup;
			children = (
				3A2BE1C328ED9E47008AC355 /* IconsAssets.xcassets */,
			);
			path = Icons;
			sourceTree = "<group>";
		};
		3A2BE1C528ED9E5F008AC355 /* Scheme */ = {
			isa = PBXGroup;
			children = (
				3A2BE15328ED5DE4008AC355 /* GitHuber.xcdatamodeld */,
			);
			path = Scheme;
			sourceTree = "<group>";
		};
		3A2BE1C628ED9E82008AC355 /* ImageInvertion */ = {
			isa = PBXGroup;
			children = (
				3A2BE1C728ED9EA3008AC355 /* ImageInversionType.swift */,
				3A2BE1C928ED9EB1008AC355 /* ImageInversion.swift */,
			);
			path = ImageInvertion;
			sourceTree = "<group>";
		};
		3A2BE1CD28EDD93C008AC355 /* Endpoint */ = {
			isa = PBXGroup;
			children = (
				3A2BE1CE28EDD96F008AC355 /* EndpointMethod.swift */,
				3A2BE1D928EDE223008AC355 /* Endpoint.swift */,
				3A2BE28028F19B19008AC355 /* APIClientDelegate.swift */,
			);
			path = Endpoint;
			sourceTree = "<group>";
		};
		3A2BE1D028EDD9D3008AC355 /* Config */ = {
			isa = PBXGroup;
			children = (
				3A2BE1D328EDDA11008AC355 /* APIConfig */,
			);
			path = Config;
			sourceTree = "<group>";
		};
		3A2BE1D328EDDA11008AC355 /* APIConfig */ = {
			isa = PBXGroup;
			children = (
				3A2BE1D728EDDBF1008AC355 /* APIConfigType.swift */,
				3A2BE1D128EDD9E2008AC355 /* APIConfig.swift */,
				3A2BE1D428EDDA2B008AC355 /* APIConfig.plist */,
			);
			path = APIConfig;
			sourceTree = "<group>";
		};
		3A2BE1E328EDE9A0008AC355 /* Errors */ = {
			isa = PBXGroup;
			children = (
				3A2BE1E428EDE9B3008AC355 /* APIClientError.swift */,
			);
			path = Errors;
			sourceTree = "<group>";
		};
		3A2BE1F128EE2F0F008AC355 /* NormalUserCell */ = {
			isa = PBXGroup;
			children = (
				3A2BE21828EED44C008AC355 /* View */,
				3A2BE20E28EED34A008AC355 /* ViewModel */,
			);
			path = NormalUserCell;
			sourceTree = "<group>";
		};
		3A2BE1F228EE2F28008AC355 /* NoteUserCell */ = {
			isa = PBXGroup;
			children = (
				3A2BE21928EED456008AC355 /* View */,
				3A2BE21128EED393008AC355 /* ViewModel */,
			);
			path = NoteUserCell;
			sourceTree = "<group>";
		};
		3A2BE1F328EE2F2F008AC355 /* InvertedUserCell */ = {
			isa = PBXGroup;
			children = (
				3A2BE21A28EED45F008AC355 /* View */,
				3A2BE21428EED3CE008AC355 /* ViewModel */,
			);
			path = InvertedUserCell;
			sourceTree = "<group>";
		};
		3A2BE1FA28EE33A8008AC355 /* FileSystemManager */ = {
			isa = PBXGroup;
			children = (
				3A2BE1FB28EE33BB008AC355 /* FileSystemManagerType.swift */,
				3A2BE1FD28EE33C7008AC355 /* FileSystemManager.swift */,
				3A2BE27028F08987008AC355 /* FileType.swift */,
			);
			path = FileSystemManager;
			sourceTree = "<group>";
		};
		3A2BE20928EECC81008AC355 /* Entities */ = {
			isa = PBXGroup;
			children = (
				3AA6A45F28F75654005AE697 /* NoteEntity+CoreDataClass.swift */,
				3AA6A46028F75654005AE697 /* NoteEntity+CoreDataProperties.swift */,
				3AA6A46128F75654005AE697 /* UserEntity+CoreDataClass.swift */,
				3AA6A46228F75654005AE697 /* UserEntity+CoreDataProperties.swift */,
				3AA6A46328F75654005AE697 /* UserProfileEntity+CoreDataClass.swift */,
				3AA6A46428F75654005AE697 /* UserProfileEntity+CoreDataProperties.swift */,
			);
			path = Entities;
			sourceTree = "<group>";
		};
		3A2BE20E28EED34A008AC355 /* ViewModel */ = {
			isa = PBXGroup;
			children = (
				3A2BE23928EF3E43008AC355 /* NormalUserCellViewModelType.swift */,
				3A2BE20128EECAEC008AC355 /* NormalUserCellViewModel.swift */,
			);
			path = ViewModel;
			sourceTree = "<group>";
		};
		3A2BE21128EED393008AC355 /* ViewModel */ = {
			isa = PBXGroup;
			children = (
				3A2BE23F28EF4B6C008AC355 /* NoteUserCellViewModelType.swift */,
				3A2BE20328EECB00008AC355 /* NoteUserCellViewModel.swift */,
			);
			path = ViewModel;
			sourceTree = "<group>";
		};
		3A2BE21428EED3CE008AC355 /* ViewModel */ = {
			isa = PBXGroup;
			children = (
				3A2BE26828F0658B008AC355 /* InvertedUserCellViewModelType.swift */,
				3A2BE20528EECB1E008AC355 /* InvertedUserCellViewModel.swift */,
			);
			path = ViewModel;
			sourceTree = "<group>";
		};
		3A2BE21728EED3FE008AC355 /* Models */ = {
			isa = PBXGroup;
			children = (
				3A2BE1E628EDEA46008AC355 /* ErrorResponse.swift */,
				3A2BE1DF28EDE371008AC355 /* User.swift */,
				3A2BE1E128EDE7AB008AC355 /* UserProfile.swift */,
			);
			path = Models;
			sourceTree = "<group>";
		};
		3A2BE21828EED44C008AC355 /* View */ = {
			isa = PBXGroup;
			children = (
				3A2BE23B28EF4A43008AC355 /* NormalUserCell.xib */,
				3A2BE1F428EE2F52008AC355 /* NormalUserCell.swift */,
			);
			path = View;
			sourceTree = "<group>";
		};
		3A2BE21928EED456008AC355 /* View */ = {
			isa = PBXGroup;
			children = (
				3A2BE26C28F0756E008AC355 /* NoteUserCell.xib */,
				3A2BE1F628EE2F5E008AC355 /* NoteUserCell.swift */,
			);
			path = View;
			sourceTree = "<group>";
		};
		3A2BE21A28EED45F008AC355 /* View */ = {
			isa = PBXGroup;
			children = (
				3A2BE26E28F075AE008AC355 /* InvertedUserCell.xib */,
				3A2BE1F828EE2F6D008AC355 /* InvertedUserCell.swift */,
			);
			path = View;
			sourceTree = "<group>";
		};
		3A2BE22628EEEC94008AC355 /* Models */ = {
			isa = PBXGroup;
			children = (
				3A2BE22728EEECA3008AC355 /* UserCellBindableData.swift */,
			);
			path = Models;
			sourceTree = "<group>";
		};
		3A2BE24428EF6899008AC355 /* UsersListViewModelTests */ = {
			isa = PBXGroup;
			children = (
				3A3C852F28F35E6300B6A41D /* UsersListViewModelTests.swift */,
			);
			path = UsersListViewModelTests;
			sourceTree = "<group>";
		};
		3A2BE24628EF68B2008AC355 /* UserProfileViewModelTests */ = {
			isa = PBXGroup;
			children = (
				3A3C853128F35E7400B6A41D /* UserProfileViewModelTests.swift */,
			);
			path = UserProfileViewModelTests;
			sourceTree = "<group>";
		};
		3A2BE24728EF68CC008AC355 /* Mocks */ = {
			isa = PBXGroup;
			children = (
				3A3C853E28F3743F00B6A41D /* Services */,
				3A3C853D28F3743800B6A41D /* Coordinators */,
			);
			path = Mocks;
			sourceTree = "<group>";
		};
		3A2BE24928F01733008AC355 /* Extensions */ = {
			isa = PBXGroup;
			children = (
				3A2BE26A28F0684A008AC355 /* UIView+Extension.swift */,
			);
			path = Extensions;
			sourceTree = "<group>";
		};
		3A2BE26628F03C93008AC355 /* Errors */ = {
			isa = PBXGroup;
			children = (
				3A2BE26428F03C8E008AC355 /* DatabaseError.swift */,
			);
			path = Errors;
			sourceTree = "<group>";
		};
		3A3C852A28F3533200B6A41D /* NormalUserCellViewModelTests */ = {
			isa = PBXGroup;
			children = (
				3A3C853328F35E8F00B6A41D /* NormalUserCellViewModelTests.swift */,
			);
			path = NormalUserCellViewModelTests;
			sourceTree = "<group>";
		};
		3A3C852B28F3534800B6A41D /* NoteUserCellViewModelTests */ = {
			isa = PBXGroup;
			children = (
				3A3C853528F35EA200B6A41D /* NoteUserCellViewModelTests.swift */,
			);
			path = NoteUserCellViewModelTests;
			sourceTree = "<group>";
		};
		3A3C852C28F3535700B6A41D /* InvertedUserCellViewModelTests */ = {
			isa = PBXGroup;
			children = (
				3A3C853728F35EB200B6A41D /* InvertedUserCellViewModelTests.swift */,
			);
			path = InvertedUserCellViewModelTests;
			sourceTree = "<group>";
		};
		3A3C853D28F3743800B6A41D /* Coordinators */ = {
			isa = PBXGroup;
			children = (
				3A3C853B28F3743400B6A41D /* MockUsersListCoordinator.swift */,
				3A3C853F28F3745900B6A41D /* MockUserProfileCoordinator.swift */,
			);
			path = Coordinators;
			sourceTree = "<group>";
		};
		3A3C853E28F3743F00B6A41D /* Services */ = {
			isa = PBXGroup;
			children = (
				3A3C852228F3525500B6A41D /* MockAPIClient.swift */,
				3A3C853928F3654E00B6A41D /* MockNetworkConnectionListener.swift */,
				3A3C852428F352B400B6A41D /* MockDatabaseService.swift */,
				3A3C852628F352D200B6A41D /* MockFileSystemManager.swift */,
				3A3C852828F352FC00B6A41D /* MockImageInversion.swift */,
			);
			path = Services;
			sourceTree = "<group>";
		};
		3A3C854128F3885D00B6A41D /* CoreDataTests */ = {
			isa = PBXGroup;
			children = (
				3A3C854228F39C3200B6A41D /* CoreDataTests.swift */,
			);
			path = CoreDataTests;
			sourceTree = "<group>";
		};
		3AA6A44C28F70044005AE697 /* CoreDataStack */ = {
			isa = PBXGroup;
			children = (
				3AA6A44F28F705B8005AE697 /* CoreDataStackType.swift */,
				3AA6A44D28F70059005AE697 /* CoreDataStack.swift */,
			);
			path = CoreDataStack;
			sourceTree = "<group>";
		};
		3ABFBE4928F2DA9C0070B400 /* Models */ = {
			isa = PBXGroup;
			children = (
				3ABFBE4728F2D5FC0070B400 /* UserProfileViewBindableData.swift */,
			);
			path = Models;
			sourceTree = "<group>";
		};
/* End PBXGroup section */

/* Begin PBXNativeTarget section */
		3A2BE14628ED5DE3008AC355 /* GitHuber */ = {
			isa = PBXNativeTarget;
			buildConfigurationList = 3A2BE17428ED5DE8008AC355 /* Build configuration list for PBXNativeTarget "GitHuber" */;
			buildPhases = (
				3A2BE14328ED5DE3008AC355 /* Sources */,
				3A2BE14428ED5DE3008AC355 /* Frameworks */,
				3A2BE14528ED5DE3008AC355 /* Resources */,
			);
			buildRules = (
			);
			dependencies = (
			);
			name = GitHuber;
			productName = GitHuber;
			productReference = 3A2BE14728ED5DE3008AC355 /* GitHuber.app */;
			productType = "com.apple.product-type.application";
		};
		3A2BE15F28ED5DE8008AC355 /* GitHuberTests */ = {
			isa = PBXNativeTarget;
			buildConfigurationList = 3A2BE17728ED5DE8008AC355 /* Build configuration list for PBXNativeTarget "GitHuberTests" */;
			buildPhases = (
				3A2BE15C28ED5DE8008AC355 /* Sources */,
				3A2BE15D28ED5DE8008AC355 /* Frameworks */,
				3A2BE15E28ED5DE8008AC355 /* Resources */,
			);
			buildRules = (
			);
			dependencies = (
				3A2BE16228ED5DE8008AC355 /* PBXTargetDependency */,
			);
			name = GitHuberTests;
			productName = GitHuberTests;
			productReference = 3A2BE16028ED5DE8008AC355 /* GitHuberTests.xctest */;
			productType = "com.apple.product-type.bundle.unit-test";
		};
		3A2BE16928ED5DE8008AC355 /* GitHuberUITests */ = {
			isa = PBXNativeTarget;
			buildConfigurationList = 3A2BE17A28ED5DE8008AC355 /* Build configuration list for PBXNativeTarget "GitHuberUITests" */;
			buildPhases = (
				3A2BE16628ED5DE8008AC355 /* Sources */,
				3A2BE16728ED5DE8008AC355 /* Frameworks */,
				3A2BE16828ED5DE8008AC355 /* Resources */,
			);
			buildRules = (
			);
			dependencies = (
				3A2BE16C28ED5DE8008AC355 /* PBXTargetDependency */,
			);
			name = GitHuberUITests;
			productName = GitHuberUITests;
			productReference = 3A2BE16A28ED5DE8008AC355 /* GitHuberUITests.xctest */;
			productType = "com.apple.product-type.bundle.ui-testing";
		};
/* End PBXNativeTarget section */

/* Begin PBXProject section */
		3A2BE13F28ED5DE3008AC355 /* Project object */ = {
			isa = PBXProject;
			attributes = {
				BuildIndependentTargetsInParallel = 1;
				LastSwiftUpdateCheck = 1400;
				LastUpgradeCheck = 1400;
				TargetAttributes = {
					3A2BE14628ED5DE3008AC355 = {
						CreatedOnToolsVersion = 14.0.1;
					};
					3A2BE15F28ED5DE8008AC355 = {
						CreatedOnToolsVersion = 14.0.1;
						TestTargetID = 3A2BE14628ED5DE3008AC355;
					};
					3A2BE16928ED5DE8008AC355 = {
						CreatedOnToolsVersion = 14.0.1;
						TestTargetID = 3A2BE14628ED5DE3008AC355;
					};
				};
			};
			buildConfigurationList = 3A2BE14228ED5DE3008AC355 /* Build configuration list for PBXProject "GitHuber" */;
			compatibilityVersion = "Xcode 13.0";
			developmentRegion = en;
			hasScannedForEncodings = 0;
			knownRegions = (
				en,
				Base,
			);
			mainGroup = 3A2BE13E28ED5DE3008AC355;
			productRefGroup = 3A2BE14828ED5DE3008AC355 /* Products */;
			projectDirPath = "";
			projectRoot = "";
			targets = (
				3A2BE14628ED5DE3008AC355 /* GitHuber */,
				3A2BE15F28ED5DE8008AC355 /* GitHuberTests */,
				3A2BE16928ED5DE8008AC355 /* GitHuberUITests */,
			);
		};
/* End PBXProject section */

/* Begin PBXResourcesBuildPhase section */
		3A2BE14528ED5DE3008AC355 /* Resources */ = {
			isa = PBXResourcesBuildPhase;
			buildActionMask = 2147483647;
			files = (
				3A2BE15A28ED5DE7008AC355 /* LaunchScreen.storyboard in Resources */,
				3A2BE1C228ED9E39008AC355 /* ColorsAssets.xcassets in Resources */,
				3A2BE23C28EF4A43008AC355 /* NormalUserCell.xib in Resources */,
				3A2BE1C428ED9E47008AC355 /* IconsAssets.xcassets in Resources */,
				3A2BE26F28F075AE008AC355 /* InvertedUserCell.xib in Resources */,
				3A2BE19828ED660F008AC355 /* UserProfile.storyboard in Resources */,
				3A2BE1D528EDDA2B008AC355 /* APIConfig.plist in Resources */,
				3A2BE26D28F0756E008AC355 /* NoteUserCell.xib in Resources */,
			);
			runOnlyForDeploymentPostprocessing = 0;
		};
		3A2BE15E28ED5DE8008AC355 /* Resources */ = {
			isa = PBXResourcesBuildPhase;
			buildActionMask = 2147483647;
			files = (
			);
			runOnlyForDeploymentPostprocessing = 0;
		};
		3A2BE16828ED5DE8008AC355 /* Resources */ = {
			isa = PBXResourcesBuildPhase;
			buildActionMask = 2147483647;
			files = (
			);
			runOnlyForDeploymentPostprocessing = 0;
		};
/* End PBXResourcesBuildPhase section */

/* Begin PBXSourcesBuildPhase section */
		3A2BE14328ED5DE3008AC355 /* Sources */ = {
			isa = PBXSourcesBuildPhase;
			buildActionMask = 2147483647;
			files = (
				3A2BE1B928ED9DBD008AC355 /* NetworkConnectionListenerType.swift in Sources */,
				3A2BE26928F0658B008AC355 /* InvertedUserCellViewModelType.swift in Sources */,
				3A2BE1B528ED9D6E008AC355 /* DatabaseService.swift in Sources */,
				3A2BE1BB28ED9DC8008AC355 /* NetworkConnectionListener.swift in Sources */,
				3A2BE19528ED65F5008AC355 /* UserProfileView.swift in Sources */,
				3AA6A46628F75654005AE697 /* NoteEntity+CoreDataProperties.swift in Sources */,
				3A2BE1E028EDE371008AC355 /* User.swift in Sources */,
				3A2BE27128F08987008AC355 /* FileType.swift in Sources */,
				3A2BE1B328ED9D61008AC355 /* DatabaseServiceType.swift in Sources */,
				3A2BE1C828ED9EA3008AC355 /* ImageInversionType.swift in Sources */,
				3A2BE1BF28ED9DE2008AC355 /* APIClient.swift in Sources */,
				3A2BE1AB28ED6E04008AC355 /* UserProfileViewModel.swift in Sources */,
				3A2BE1D228EDD9E2008AC355 /* APIConfig.swift in Sources */,
				3A2BE22228EED6DA008AC355 /* CellType.swift in Sources */,
				3A2BE1A128ED6D52008AC355 /* UsersListCoordinator.swift in Sources */,
				3A2BE1AF28ED6E5E008AC355 /* UserProfileCoordinator.swift in Sources */,
				3A2BE20828EECB98008AC355 /* UserModelType.swift in Sources */,
				3ABFBE4828F2D5FC0070B400 /* UserProfileViewBindableData.swift in Sources */,
				3A2BE1CF28EDD96F008AC355 /* EndpointMethod.swift in Sources */,
				3A2BE1E228EDE7AB008AC355 /* UserProfile.swift in Sources */,
				3A2BE1BD28ED9DD7008AC355 /* APIClientType.swift in Sources */,
				3A2BE1A328ED6DAD008AC355 /* UsersListCoordinatorType.swift in Sources */,
				3A2BE1DA28EDE223008AC355 /* Endpoint.swift in Sources */,
				3A2BE28128F19B19008AC355 /* APIClientDelegate.swift in Sources */,
				3A2BE1EE28EE24AD008AC355 /* NetworkConnectionListenerDelegate.swift in Sources */,
				3A2BE26528F03C8E008AC355 /* DatabaseError.swift in Sources */,
				3A2BE20428EECB00008AC355 /* NoteUserCellViewModel.swift in Sources */,
				3AA6A46828F75654005AE697 /* UserEntity+CoreDataProperties.swift in Sources */,
				3A2BE22828EEECA3008AC355 /* UserCellBindableData.swift in Sources */,
				3A2BE1E528EDE9B3008AC355 /* APIClientError.swift in Sources */,
				3A2BE19128ED65D8008AC355 /* UsersListView.swift in Sources */,
				3A2BE1F528EE2F52008AC355 /* NormalUserCell.swift in Sources */,
				3A2BE1F728EE2F5E008AC355 /* NoteUserCell.swift in Sources */,
				3AA6A46A28F75654005AE697 /* UserProfileEntity+CoreDataProperties.swift in Sources */,
				3A2BE1F928EE2F6D008AC355 /* InvertedUserCell.swift in Sources */,
				3A2BE14B28ED5DE3008AC355 /* AppDelegate.swift in Sources */,
				3AA6A44E28F70059005AE697 /* CoreDataStack.swift in Sources */,
				3A2BE1B128ED774D008AC355 /* ViewModelType.swift in Sources */,
				3AA6A45028F705B8005AE697 /* CoreDataStackType.swift in Sources */,
				3A2BE1F028EE2F0B008AC355 /* UserCellType.swift in Sources */,
				3A2BE14D28ED5DE3008AC355 /* SceneDelegate.swift in Sources */,
				3A2BE1AD28ED6E4B008AC355 /* UserProfileCoordinatorType.swift in Sources */,
				3A2BE15528ED5DE4008AC355 /* GitHuber.xcdatamodeld in Sources */,
				3AA6A46528F75654005AE697 /* NoteEntity+CoreDataClass.swift in Sources */,
				3A2BE1FE28EE33C7008AC355 /* FileSystemManager.swift in Sources */,
				3A2BE1A728ED6DDC008AC355 /* UsersListViewModel.swift in Sources */,
				3A2BE19B28ED679B008AC355 /* CoordinatorType.swift in Sources */,
				3A2BE1D828EDDBF1008AC355 /* APIConfigType.swift in Sources */,
				3AA6A46728F75654005AE697 /* UserEntity+CoreDataClass.swift in Sources */,
				3A2BE1FC28EE33BB008AC355 /* FileSystemManagerType.swift in Sources */,
				3A2BE1A928ED6DF7008AC355 /* UserProfileViewModelType.swift in Sources */,
				3A2BE26B28F0684A008AC355 /* UIView+Extension.swift in Sources */,
				3A2BE19D28ED67C2008AC355 /* BaseView.swift in Sources */,
				3A2BE20228EECAEC008AC355 /* NormalUserCellViewModel.swift in Sources */,
				3A2BE20628EECB1E008AC355 /* InvertedUserCellViewModel.swift in Sources */,
				3A2BE20B28EECF63008AC355 /* BaseCell.swift in Sources */,
				3A2BE1E728EDEA46008AC355 /* ErrorResponse.swift in Sources */,
				3A2BE23A28EF3E43008AC355 /* NormalUserCellViewModelType.swift in Sources */,
				3A2BE24028EF4B6C008AC355 /* NoteUserCellViewModelType.swift in Sources */,
				3A2BE1A528ED6DCF008AC355 /* UsersListViewModelType.swift in Sources */,
				3A2BE20D28EED268008AC355 /* CellViewModelType.swift in Sources */,
				3A2BE1CA28ED9EB1008AC355 /* ImageInversion.swift in Sources */,
				3AA6A46928F75654005AE697 /* UserProfileEntity+CoreDataClass.swift in Sources */,
			);
			runOnlyForDeploymentPostprocessing = 0;
		};
		3A2BE15C28ED5DE8008AC355 /* Sources */ = {
			isa = PBXSourcesBuildPhase;
			buildActionMask = 2147483647;
			files = (
				3A3C853428F35E8F00B6A41D /* NormalUserCellViewModelTests.swift in Sources */,
				3A3C853028F35E6300B6A41D /* UsersListViewModelTests.swift in Sources */,
				3A3C853C28F3743400B6A41D /* MockUsersListCoordinator.swift in Sources */,
				3A3C853628F35EA200B6A41D /* NoteUserCellViewModelTests.swift in Sources */,
				3A3C853228F35E7400B6A41D /* UserProfileViewModelTests.swift in Sources */,
				3A3C853828F35EB200B6A41D /* InvertedUserCellViewModelTests.swift in Sources */,
				3A3C854028F3745900B6A41D /* MockUserProfileCoordinator.swift in Sources */,
				3A3C852728F352D200B6A41D /* MockFileSystemManager.swift in Sources */,
				3A3C852328F3525500B6A41D /* MockAPIClient.swift in Sources */,
				3A3C853A28F3654E00B6A41D /* MockNetworkConnectionListener.swift in Sources */,
				3A3C852E28F355E500B6A41D /* TestCoreDataStack.swift in Sources */,
				3A3C852528F352B400B6A41D /* MockDatabaseService.swift in Sources */,
				3A3C852928F352FC00B6A41D /* MockImageInversion.swift in Sources */,
				3A3C854328F39C3200B6A41D /* CoreDataTests.swift in Sources */,
			);
			runOnlyForDeploymentPostprocessing = 0;
		};
		3A2BE16628ED5DE8008AC355 /* Sources */ = {
			isa = PBXSourcesBuildPhase;
			buildActionMask = 2147483647;
			files = (
				3A2BE17128ED5DE8008AC355 /* GitHuberUITestsLaunchTests.swift in Sources */,
				3A2BE16F28ED5DE8008AC355 /* GitHuberUITests.swift in Sources */,
			);
			runOnlyForDeploymentPostprocessing = 0;
		};
/* End PBXSourcesBuildPhase section */

/* Begin PBXTargetDependency section */
		3A2BE16228ED5DE8008AC355 /* PBXTargetDependency */ = {
			isa = PBXTargetDependency;
			target = 3A2BE14628ED5DE3008AC355 /* GitHuber */;
			targetProxy = 3A2BE16128ED5DE8008AC355 /* PBXContainerItemProxy */;
		};
		3A2BE16C28ED5DE8008AC355 /* PBXTargetDependency */ = {
			isa = PBXTargetDependency;
			target = 3A2BE14628ED5DE3008AC355 /* GitHuber */;
			targetProxy = 3A2BE16B28ED5DE8008AC355 /* PBXContainerItemProxy */;
		};
/* End PBXTargetDependency section */

/* Begin PBXVariantGroup section */
		3A2BE15828ED5DE7008AC355 /* LaunchScreen.storyboard */ = {
			isa = PBXVariantGroup;
			children = (
				3A2BE15928ED5DE7008AC355 /* Base */,
			);
			name = LaunchScreen.storyboard;
			sourceTree = "<group>";
		};
/* End PBXVariantGroup section */

/* Begin XCBuildConfiguration section */
		3A2BE17228ED5DE8008AC355 /* Debug */ = {
			isa = XCBuildConfiguration;
			buildSettings = {
				ALWAYS_SEARCH_USER_PATHS = NO;
				CLANG_ANALYZER_NONNULL = YES;
				CLANG_ANALYZER_NUMBER_OBJECT_CONVERSION = YES_AGGRESSIVE;
				CLANG_CXX_LANGUAGE_STANDARD = "gnu++20";
				CLANG_ENABLE_MODULES = YES;
				CLANG_ENABLE_OBJC_ARC = YES;
				CLANG_ENABLE_OBJC_WEAK = YES;
				CLANG_WARN_BLOCK_CAPTURE_AUTORELEASING = YES;
				CLANG_WARN_BOOL_CONVERSION = YES;
				CLANG_WARN_COMMA = YES;
				CLANG_WARN_CONSTANT_CONVERSION = YES;
				CLANG_WARN_DEPRECATED_OBJC_IMPLEMENTATIONS = YES;
				CLANG_WARN_DIRECT_OBJC_ISA_USAGE = YES_ERROR;
				CLANG_WARN_DOCUMENTATION_COMMENTS = YES;
				CLANG_WARN_EMPTY_BODY = YES;
				CLANG_WARN_ENUM_CONVERSION = YES;
				CLANG_WARN_INFINITE_RECURSION = YES;
				CLANG_WARN_INT_CONVERSION = YES;
				CLANG_WARN_NON_LITERAL_NULL_CONVERSION = YES;
				CLANG_WARN_OBJC_IMPLICIT_RETAIN_SELF = YES;
				CLANG_WARN_OBJC_LITERAL_CONVERSION = YES;
				CLANG_WARN_OBJC_ROOT_CLASS = YES_ERROR;
				CLANG_WARN_QUOTED_INCLUDE_IN_FRAMEWORK_HEADER = YES;
				CLANG_WARN_RANGE_LOOP_ANALYSIS = YES;
				CLANG_WARN_STRICT_PROTOTYPES = YES;
				CLANG_WARN_SUSPICIOUS_MOVE = YES;
				CLANG_WARN_UNGUARDED_AVAILABILITY = YES_AGGRESSIVE;
				CLANG_WARN_UNREACHABLE_CODE = YES;
				CLANG_WARN__DUPLICATE_METHOD_MATCH = YES;
				COPY_PHASE_STRIP = NO;
				DEBUG_INFORMATION_FORMAT = dwarf;
				ENABLE_STRICT_OBJC_MSGSEND = YES;
				ENABLE_TESTABILITY = YES;
				GCC_C_LANGUAGE_STANDARD = gnu11;
				GCC_DYNAMIC_NO_PIC = NO;
				GCC_NO_COMMON_BLOCKS = YES;
				GCC_OPTIMIZATION_LEVEL = 0;
				GCC_PREPROCESSOR_DEFINITIONS = (
					"DEBUG=1",
					"$(inherited)",
				);
				GCC_WARN_64_TO_32_BIT_CONVERSION = YES;
				GCC_WARN_ABOUT_RETURN_TYPE = YES_ERROR;
				GCC_WARN_UNDECLARED_SELECTOR = YES;
				GCC_WARN_UNINITIALIZED_AUTOS = YES_AGGRESSIVE;
				GCC_WARN_UNUSED_FUNCTION = YES;
				GCC_WARN_UNUSED_VARIABLE = YES;
				IPHONEOS_DEPLOYMENT_TARGET = 16.0;
				MTL_ENABLE_DEBUG_INFO = INCLUDE_SOURCE;
				MTL_FAST_MATH = YES;
				ONLY_ACTIVE_ARCH = YES;
				SDKROOT = iphoneos;
				SWIFT_ACTIVE_COMPILATION_CONDITIONS = DEBUG;
				SWIFT_OPTIMIZATION_LEVEL = "-Onone";
			};
			name = Debug;
		};
		3A2BE17328ED5DE8008AC355 /* Release */ = {
			isa = XCBuildConfiguration;
			buildSettings = {
				ALWAYS_SEARCH_USER_PATHS = NO;
				CLANG_ANALYZER_NONNULL = YES;
				CLANG_ANALYZER_NUMBER_OBJECT_CONVERSION = YES_AGGRESSIVE;
				CLANG_CXX_LANGUAGE_STANDARD = "gnu++20";
				CLANG_ENABLE_MODULES = YES;
				CLANG_ENABLE_OBJC_ARC = YES;
				CLANG_ENABLE_OBJC_WEAK = YES;
				CLANG_WARN_BLOCK_CAPTURE_AUTORELEASING = YES;
				CLANG_WARN_BOOL_CONVERSION = YES;
				CLANG_WARN_COMMA = YES;
				CLANG_WARN_CONSTANT_CONVERSION = YES;
				CLANG_WARN_DEPRECATED_OBJC_IMPLEMENTATIONS = YES;
				CLANG_WARN_DIRECT_OBJC_ISA_USAGE = YES_ERROR;
				CLANG_WARN_DOCUMENTATION_COMMENTS = YES;
				CLANG_WARN_EMPTY_BODY = YES;
				CLANG_WARN_ENUM_CONVERSION = YES;
				CLANG_WARN_INFINITE_RECURSION = YES;
				CLANG_WARN_INT_CONVERSION = YES;
				CLANG_WARN_NON_LITERAL_NULL_CONVERSION = YES;
				CLANG_WARN_OBJC_IMPLICIT_RETAIN_SELF = YES;
				CLANG_WARN_OBJC_LITERAL_CONVERSION = YES;
				CLANG_WARN_OBJC_ROOT_CLASS = YES_ERROR;
				CLANG_WARN_QUOTED_INCLUDE_IN_FRAMEWORK_HEADER = YES;
				CLANG_WARN_RANGE_LOOP_ANALYSIS = YES;
				CLANG_WARN_STRICT_PROTOTYPES = YES;
				CLANG_WARN_SUSPICIOUS_MOVE = YES;
				CLANG_WARN_UNGUARDED_AVAILABILITY = YES_AGGRESSIVE;
				CLANG_WARN_UNREACHABLE_CODE = YES;
				CLANG_WARN__DUPLICATE_METHOD_MATCH = YES;
				COPY_PHASE_STRIP = NO;
				DEBUG_INFORMATION_FORMAT = "dwarf-with-dsym";
				ENABLE_NS_ASSERTIONS = NO;
				ENABLE_STRICT_OBJC_MSGSEND = YES;
				GCC_C_LANGUAGE_STANDARD = gnu11;
				GCC_NO_COMMON_BLOCKS = YES;
				GCC_WARN_64_TO_32_BIT_CONVERSION = YES;
				GCC_WARN_ABOUT_RETURN_TYPE = YES_ERROR;
				GCC_WARN_UNDECLARED_SELECTOR = YES;
				GCC_WARN_UNINITIALIZED_AUTOS = YES_AGGRESSIVE;
				GCC_WARN_UNUSED_FUNCTION = YES;
				GCC_WARN_UNUSED_VARIABLE = YES;
				IPHONEOS_DEPLOYMENT_TARGET = 16.0;
				MTL_ENABLE_DEBUG_INFO = NO;
				MTL_FAST_MATH = YES;
				SDKROOT = iphoneos;
				SWIFT_COMPILATION_MODE = wholemodule;
				SWIFT_OPTIMIZATION_LEVEL = "-O";
				VALIDATE_PRODUCT = YES;
			};
			name = Release;
		};
		3A2BE17528ED5DE8008AC355 /* Debug */ = {
			isa = XCBuildConfiguration;
			buildSettings = {
				ASSETCATALOG_COMPILER_APPICON_NAME = AppIcon;
				ASSETCATALOG_COMPILER_GLOBAL_ACCENT_COLOR_NAME = AccentColor;
				CODE_SIGN_STYLE = Automatic;
				CURRENT_PROJECT_VERSION = 1;
				DEVELOPMENT_TEAM = N5FXF37X65;
				GENERATE_INFOPLIST_FILE = YES;
				INFOPLIST_FILE = GitHuber/Info.plist;
				INFOPLIST_KEY_UIApplicationSupportsIndirectInputEvents = YES;
				INFOPLIST_KEY_UILaunchStoryboardName = LaunchScreen;
				INFOPLIST_KEY_UISupportedInterfaceOrientations_iPad = "UIInterfaceOrientationPortrait UIInterfaceOrientationPortraitUpsideDown UIInterfaceOrientationLandscapeLeft UIInterfaceOrientationLandscapeRight";
				INFOPLIST_KEY_UISupportedInterfaceOrientations_iPhone = "UIInterfaceOrientationPortrait UIInterfaceOrientationLandscapeLeft UIInterfaceOrientationLandscapeRight";
				IPHONEOS_DEPLOYMENT_TARGET = 13.0;
				LD_RUNPATH_SEARCH_PATHS = (
					"$(inherited)",
					"@executable_path/Frameworks",
				);
				MARKETING_VERSION = 1.0;
				PRODUCT_BUNDLE_IDENTIFIER = Neestackich.GitHuber;
				PRODUCT_NAME = "$(TARGET_NAME)";
				SWIFT_EMIT_LOC_STRINGS = YES;
				SWIFT_VERSION = 5.0;
				TARGETED_DEVICE_FAMILY = "1,2";
			};
			name = Debug;
		};
		3A2BE17628ED5DE8008AC355 /* Release */ = {
			isa = XCBuildConfiguration;
			buildSettings = {
				ASSETCATALOG_COMPILER_APPICON_NAME = AppIcon;
				ASSETCATALOG_COMPILER_GLOBAL_ACCENT_COLOR_NAME = AccentColor;
				CODE_SIGN_STYLE = Automatic;
				CURRENT_PROJECT_VERSION = 1;
				DEVELOPMENT_TEAM = N5FXF37X65;
				GENERATE_INFOPLIST_FILE = YES;
				INFOPLIST_FILE = GitHuber/Info.plist;
				INFOPLIST_KEY_UIApplicationSupportsIndirectInputEvents = YES;
				INFOPLIST_KEY_UILaunchStoryboardName = LaunchScreen;
				INFOPLIST_KEY_UISupportedInterfaceOrientations_iPad = "UIInterfaceOrientationPortrait UIInterfaceOrientationPortraitUpsideDown UIInterfaceOrientationLandscapeLeft UIInterfaceOrientationLandscapeRight";
				INFOPLIST_KEY_UISupportedInterfaceOrientations_iPhone = "UIInterfaceOrientationPortrait UIInterfaceOrientationLandscapeLeft UIInterfaceOrientationLandscapeRight";
				IPHONEOS_DEPLOYMENT_TARGET = 13.0;
				LD_RUNPATH_SEARCH_PATHS = (
					"$(inherited)",
					"@executable_path/Frameworks",
				);
				MARKETING_VERSION = 1.0;
				PRODUCT_BUNDLE_IDENTIFIER = Neestackich.GitHuber;
				PRODUCT_NAME = "$(TARGET_NAME)";
				SWIFT_EMIT_LOC_STRINGS = YES;
				SWIFT_VERSION = 5.0;
				TARGETED_DEVICE_FAMILY = "1,2";
			};
			name = Release;
		};
		3A2BE17828ED5DE8008AC355 /* Debug */ = {
			isa = XCBuildConfiguration;
			buildSettings = {
				ALWAYS_EMBED_SWIFT_STANDARD_LIBRARIES = YES;
				BUNDLE_LOADER = "$(TEST_HOST)";
				CODE_SIGN_STYLE = Automatic;
				CURRENT_PROJECT_VERSION = 1;
				DEVELOPMENT_TEAM = N5FXF37X65;
				GENERATE_INFOPLIST_FILE = YES;
				IPHONEOS_DEPLOYMENT_TARGET = 16.0;
				MARKETING_VERSION = 1.0;
				PRODUCT_BUNDLE_IDENTIFIER = Neestackich.GitHuberTests;
				PRODUCT_NAME = "$(TARGET_NAME)";
				SWIFT_EMIT_LOC_STRINGS = NO;
				SWIFT_VERSION = 5.0;
				TARGETED_DEVICE_FAMILY = "1,2";
				TEST_HOST = "$(BUILT_PRODUCTS_DIR)/GitHuber.app/$(BUNDLE_EXECUTABLE_FOLDER_PATH)/GitHuber";
			};
			name = Debug;
		};
		3A2BE17928ED5DE8008AC355 /* Release */ = {
			isa = XCBuildConfiguration;
			buildSettings = {
				ALWAYS_EMBED_SWIFT_STANDARD_LIBRARIES = YES;
				BUNDLE_LOADER = "$(TEST_HOST)";
				CODE_SIGN_STYLE = Automatic;
				CURRENT_PROJECT_VERSION = 1;
				DEVELOPMENT_TEAM = N5FXF37X65;
				GENERATE_INFOPLIST_FILE = YES;
				IPHONEOS_DEPLOYMENT_TARGET = 16.0;
				MARKETING_VERSION = 1.0;
				PRODUCT_BUNDLE_IDENTIFIER = Neestackich.GitHuberTests;
				PRODUCT_NAME = "$(TARGET_NAME)";
				SWIFT_EMIT_LOC_STRINGS = NO;
				SWIFT_VERSION = 5.0;
				TARGETED_DEVICE_FAMILY = "1,2";
				TEST_HOST = "$(BUILT_PRODUCTS_DIR)/GitHuber.app/$(BUNDLE_EXECUTABLE_FOLDER_PATH)/GitHuber";
			};
			name = Release;
		};
		3A2BE17B28ED5DE8008AC355 /* Debug */ = {
			isa = XCBuildConfiguration;
			buildSettings = {
				ALWAYS_EMBED_SWIFT_STANDARD_LIBRARIES = YES;
				CODE_SIGN_STYLE = Automatic;
				CURRENT_PROJECT_VERSION = 1;
				DEVELOPMENT_TEAM = N5FXF37X65;
				GENERATE_INFOPLIST_FILE = YES;
				MARKETING_VERSION = 1.0;
				PRODUCT_BUNDLE_IDENTIFIER = Neestackich.GitHuberUITests;
				PRODUCT_NAME = "$(TARGET_NAME)";
				SWIFT_EMIT_LOC_STRINGS = NO;
				SWIFT_VERSION = 5.0;
				TARGETED_DEVICE_FAMILY = "1,2";
				TEST_TARGET_NAME = GitHuber;
			};
			name = Debug;
		};
		3A2BE17C28ED5DE8008AC355 /* Release */ = {
			isa = XCBuildConfiguration;
			buildSettings = {
				ALWAYS_EMBED_SWIFT_STANDARD_LIBRARIES = YES;
				CODE_SIGN_STYLE = Automatic;
				CURRENT_PROJECT_VERSION = 1;
				DEVELOPMENT_TEAM = N5FXF37X65;
				GENERATE_INFOPLIST_FILE = YES;
				MARKETING_VERSION = 1.0;
				PRODUCT_BUNDLE_IDENTIFIER = Neestackich.GitHuberUITests;
				PRODUCT_NAME = "$(TARGET_NAME)";
				SWIFT_EMIT_LOC_STRINGS = NO;
				SWIFT_VERSION = 5.0;
				TARGETED_DEVICE_FAMILY = "1,2";
				TEST_TARGET_NAME = GitHuber;
			};
			name = Release;
		};
/* End XCBuildConfiguration section */

/* Begin XCConfigurationList section */
		3A2BE14228ED5DE3008AC355 /* Build configuration list for PBXProject "GitHuber" */ = {
			isa = XCConfigurationList;
			buildConfigurations = (
				3A2BE17228ED5DE8008AC355 /* Debug */,
				3A2BE17328ED5DE8008AC355 /* Release */,
			);
			defaultConfigurationIsVisible = 0;
			defaultConfigurationName = Release;
		};
		3A2BE17428ED5DE8008AC355 /* Build configuration list for PBXNativeTarget "GitHuber" */ = {
			isa = XCConfigurationList;
			buildConfigurations = (
				3A2BE17528ED5DE8008AC355 /* Debug */,
				3A2BE17628ED5DE8008AC355 /* Release */,
			);
			defaultConfigurationIsVisible = 0;
			defaultConfigurationName = Release;
		};
		3A2BE17728ED5DE8008AC355 /* Build configuration list for PBXNativeTarget "GitHuberTests" */ = {
			isa = XCConfigurationList;
			buildConfigurations = (
				3A2BE17828ED5DE8008AC355 /* Debug */,
				3A2BE17928ED5DE8008AC355 /* Release */,
			);
			defaultConfigurationIsVisible = 0;
			defaultConfigurationName = Release;
		};
		3A2BE17A28ED5DE8008AC355 /* Build configuration list for PBXNativeTarget "GitHuberUITests" */ = {
			isa = XCConfigurationList;
			buildConfigurations = (
				3A2BE17B28ED5DE8008AC355 /* Debug */,
				3A2BE17C28ED5DE8008AC355 /* Release */,
			);
			defaultConfigurationIsVisible = 0;
			defaultConfigurationName = Release;
		};
/* End XCConfigurationList section */

/* Begin XCVersionGroup section */
		3A2BE15328ED5DE4008AC355 /* GitHuber.xcdatamodeld */ = {
			isa = XCVersionGroup;
			children = (
				3A2BE15428ED5DE4008AC355 /* GitHuber.xcdatamodel */,
			);
			currentVersion = 3A2BE15428ED5DE4008AC355 /* GitHuber.xcdatamodel */;
			path = GitHuber.xcdatamodeld;
			sourceTree = "<group>";
			versionGroupType = wrapper.xcdatamodel;
		};
/* End XCVersionGroup section */
	};
	rootObject = 3A2BE13F28ED5DE3008AC355 /* Project object */;
}
