// !$*UTF8*$!
{
	archiveVersion = 1;
	classes = {
	};
	objectVersion = 56;
	objects = {

/* Begin PBXBuildFile section */
		3A2BE14B28ED5DE3008AC355 /* AppDelegate.swift in Sources */ = {isa = PBXBuildFile; fileRef = 3A2BE14A28ED5DE3008AC355 /* AppDelegate.swift */; };
		3A2BE14D28ED5DE3008AC355 /* SceneDelegate.swift in Sources */ = {isa = PBXBuildFile; fileRef = 3A2BE14C28ED5DE3008AC355 /* SceneDelegate.swift */; };
		3A2BE14F28ED5DE3008AC355 /* ViewController.swift in Sources */ = {isa = PBXBuildFile; fileRef = 3A2BE14E28ED5DE3008AC355 /* ViewController.swift */; };
		3A2BE15228ED5DE4008AC355 /* Main.storyboard in Resources */ = {isa = PBXBuildFile; fileRef = 3A2BE15028ED5DE4008AC355 /* Main.storyboard */; };
		3A2BE15528ED5DE4008AC355 /* GitHuber.xcdatamodeld in Sources */ = {isa = PBXBuildFile; fileRef = 3A2BE15328ED5DE4008AC355 /* GitHuber.xcdatamodeld */; };
		3A2BE15728ED5DE7008AC355 /* Assets.xcassets in Resources */ = {isa = PBXBuildFile; fileRef = 3A2BE15628ED5DE7008AC355 /* Assets.xcassets */; };
		3A2BE15A28ED5DE7008AC355 /* LaunchScreen.storyboard in Resources */ = {isa = PBXBuildFile; fileRef = 3A2BE15828ED5DE7008AC355 /* LaunchScreen.storyboard */; };
		3A2BE16528ED5DE8008AC355 /* GitHuberTests.swift in Sources */ = {isa = PBXBuildFile; fileRef = 3A2BE16428ED5DE8008AC355 /* GitHuberTests.swift */; };
		3A2BE16F28ED5DE8008AC355 /* GitHuberUITests.swift in Sources */ = {isa = PBXBuildFile; fileRef = 3A2BE16E28ED5DE8008AC355 /* GitHuberUITests.swift */; };
		3A2BE17128ED5DE8008AC355 /* GitHuberUITestsLaunchTests.swift in Sources */ = {isa = PBXBuildFile; fileRef = 3A2BE17028ED5DE8008AC355 /* GitHuberUITestsLaunchTests.swift */; };
/* End PBXBuildFile section */

/* Begin PBXContainerItemProxy section */
		3A2BE16128ED5DE8008AC355 /* PBXContainerItemProxy */ = {
			isa = PBXContainerItemProxy;
			containerPortal = 3A2BE13F28ED5DE3008AC355 /* Project object */;
			proxyType = 1;
			remoteGlobalIDString = 3A2BE14628ED5DE3008AC355;
			remoteInfo = GitHuber;
		};
		3A2BE16B28ED5DE8008AC355 /* PBXContainerItemProxy */ = {
			isa = PBXContainerItemProxy;
			containerPortal = 3A2BE13F28ED5DE3008AC355 /* Project object */;
			proxyType = 1;
			remoteGlobalIDString = 3A2BE14628ED5DE3008AC355;
			remoteInfo = GitHuber;
		};
/* End PBXContainerItemProxy section */

/* Begin PBXFileReference section */
		3A2BE14728ED5DE3008AC355 /* GitHuber.app */ = {isa = PBXFileReference; explicitFileType = wrapper.application; includeInIndex = 0; path = GitHuber.app; sourceTree = BUILT_PRODUCTS_DIR; };
		3A2BE14A28ED5DE3008AC355 /* AppDelegate.swift */ = {isa = PBXFileReference; lastKnownFileType = sourcecode.swift; path = AppDelegate.swift; sourceTree = "<group>"; };
		3A2BE14C28ED5DE3008AC355 /* SceneDelegate.swift */ = {isa = PBXFileReference; lastKnownFileType = sourcecode.swift; path = SceneDelegate.swift; sourceTree = "<group>"; };
		3A2BE14E28ED5DE3008AC355 /* ViewController.swift */ = {isa = PBXFileReference; lastKnownFileType = sourcecode.swift; path = ViewController.swift; sourceTree = "<group>"; };
		3A2BE15128ED5DE4008AC355 /* Base */ = {isa = PBXFileReference; lastKnownFileType = file.storyboard; name = Base; path = Base.lproj/Main.storyboard; sourceTree = "<group>"; };
		3A2BE15428ED5DE4008AC355 /* GitHuber.xcdatamodel */ = {isa = PBXFileReference; lastKnownFileType = wrapper.xcdatamodel; path = GitHuber.xcdatamodel; sourceTree = "<group>"; };
		3A2BE15628ED5DE7008AC355 /* Assets.xcassets */ = {isa = PBXFileReference; lastKnownFileType = folder.assetcatalog; path = Assets.xcassets; sourceTree = "<group>"; };
		3A2BE15928ED5DE7008AC355 /* Base */ = {isa = PBXFileReference; lastKnownFileType = file.storyboard; name = Base; path = Base.lproj/LaunchScreen.storyboard; sourceTree = "<group>"; };
		3A2BE15B28ED5DE7008AC355 /* Info.plist */ = {isa = PBXFileReference; lastKnownFileType = text.plist.xml; path = Info.plist; sourceTree = "<group>"; };
		3A2BE16028ED5DE8008AC355 /* GitHuberTests.xctest */ = {isa = PBXFileReference; explicitFileType = wrapper.cfbundle; includeInIndex = 0; path = GitHuberTests.xctest; sourceTree = BUILT_PRODUCTS_DIR; };
		3A2BE16428ED5DE8008AC355 /* GitHuberTests.swift */ = {isa = PBXFileReference; lastKnownFileType = sourcecode.swift; path = GitHuberTests.swift; sourceTree = "<group>"; };
		3A2BE16A28ED5DE8008AC355 /* GitHuberUITests.xctest */ = {isa = PBXFileReference; explicitFileType = wrapper.cfbundle; includeInIndex = 0; path = GitHuberUITests.xctest; sourceTree = BUILT_PRODUCTS_DIR; };
		3A2BE16E28ED5DE8008AC355 /* GitHuberUITests.swift */ = {isa = PBXFileReference; lastKnownFileType = sourcecode.swift; path = GitHuberUITests.swift; sourceTree = "<group>"; };
		3A2BE17028ED5DE8008AC355 /* GitHuberUITestsLaunchTests.swift */ = {isa = PBXFileReference; lastKnownFileType = sourcecode.swift; path = GitHuberUITestsLaunchTests.swift; sourceTree = "<group>"; };
/* End PBXFileReference section */

/* Begin PBXFrameworksBuildPhase section */
		3A2BE14428ED5DE3008AC355 /* Frameworks */ = {
			isa = PBXFrameworksBuildPhase;
			buildActionMask = 2147483647;
			files = (
			);
			runOnlyForDeploymentPostprocessing = 0;
		};
		3A2BE15D28ED5DE8008AC355 /* Frameworks */ = {
			isa = PBXFrameworksBuildPhase;
			buildActionMask = 2147483647;
			files = (
			);
			runOnlyForDeploymentPostprocessing = 0;
		};
		3A2BE16728ED5DE8008AC355 /* Frameworks */ = {
			isa = PBXFrameworksBuildPhase;
			buildActionMask = 2147483647;
			files = (
			);
			runOnlyForDeploymentPostprocessing = 0;
		};
/* End PBXFrameworksBuildPhase section */

/* Begin PBXGroup section */
		3A2BE13E28ED5DE3008AC355 = {
			isa = PBXGroup;
			children = (
				3A2BE14928ED5DE3008AC355 /* GitHuber */,
				3A2BE16328ED5DE8008AC355 /* GitHuberTests */,
				3A2BE16D28ED5DE8008AC355 /* GitHuberUITests */,
				3A2BE14828ED5DE3008AC355 /* Products */,
			);
			sourceTree = "<group>";
		};
		3A2BE14828ED5DE3008AC355 /* Products */ = {
			isa = PBXGroup;
			children = (
				3A2BE14728ED5DE3008AC355 /* GitHuber.app */,
				3A2BE16028ED5DE8008AC355 /* GitHuberTests.xctest */,
				3A2BE16A28ED5DE8008AC355 /* GitHuberUITests.xctest */,
			);
			name = Products;
			sourceTree = "<group>";
		};
		3A2BE14928ED5DE3008AC355 /* GitHuber */ = {
			isa = PBXGroup;
			children = (
				3A2BE14A28ED5DE3008AC355 /* AppDelegate.swift */,
				3A2BE14C28ED5DE3008AC355 /* SceneDelegate.swift */,
				3A2BE14E28ED5DE3008AC355 /* ViewController.swift */,
				3A2BE15028ED5DE4008AC355 /* Main.storyboard */,
				3A2BE15628ED5DE7008AC355 /* Assets.xcassets */,
				3A2BE15828ED5DE7008AC355 /* LaunchScreen.storyboard */,
				3A2BE15B28ED5DE7008AC355 /* Info.plist */,
				3A2BE15328ED5DE4008AC355 /* GitHuber.xcdatamodeld */,
			);
			path = GitHuber;
			sourceTree = "<group>";
		};
		3A2BE16328ED5DE8008AC355 /* GitHuberTests */ = {
			isa = PBXGroup;
			children = (
				3A2BE16428ED5DE8008AC355 /* GitHuberTests.swift */,
			);
			path = GitHuberTests;
			sourceTree = "<group>";
		};
		3A2BE16D28ED5DE8008AC355 /* GitHuberUITests */ = {
			isa = PBXGroup;
			children = (
				3A2BE16E28ED5DE8008AC355 /* GitHuberUITests.swift */,
				3A2BE17028ED5DE8008AC355 /* GitHuberUITestsLaunchTests.swift */,
			);
			path = GitHuberUITests;
			sourceTree = "<group>";
		};
/* End PBXGroup section */

/* Begin PBXNativeTarget section */
		3A2BE14628ED5DE3008AC355 /* GitHuber */ = {
			isa = PBXNativeTarget;
			buildConfigurationList = 3A2BE17428ED5DE8008AC355 /* Build configuration list for PBXNativeTarget "GitHuber" */;
			buildPhases = (
				3A2BE14328ED5DE3008AC355 /* Sources */,
				3A2BE14428ED5DE3008AC355 /* Frameworks */,
				3A2BE14528ED5DE3008AC355 /* Resources */,
			);
			buildRules = (
			);
			dependencies = (
			);
			name = GitHuber;
			productName = GitHuber;
			productReference = 3A2BE14728ED5DE3008AC355 /* GitHuber.app */;
			productType = "com.apple.product-type.application";
		};
		3A2BE15F28ED5DE8008AC355 /* GitHuberTests */ = {
			isa = PBXNativeTarget;
			buildConfigurationList = 3A2BE17728ED5DE8008AC355 /* Build configuration list for PBXNativeTarget "GitHuberTests" */;
			buildPhases = (
				3A2BE15C28ED5DE8008AC355 /* Sources */,
				3A2BE15D28ED5DE8008AC355 /* Frameworks */,
				3A2BE15E28ED5DE8008AC355 /* Resources */,
			);
			buildRules = (
			);
			dependencies = (
				3A2BE16228ED5DE8008AC355 /* PBXTargetDependency */,
			);
			name = GitHuberTests;
			productName = GitHuberTests;
			productReference = 3A2BE16028ED5DE8008AC355 /* GitHuberTests.xctest */;
			productType = "com.apple.product-type.bundle.unit-test";
		};
		3A2BE16928ED5DE8008AC355 /* GitHuberUITests */ = {
			isa = PBXNativeTarget;
			buildConfigurationList = 3A2BE17A28ED5DE8008AC355 /* Build configuration list for PBXNativeTarget "GitHuberUITests" */;
			buildPhases = (
				3A2BE16628ED5DE8008AC355 /* Sources */,
				3A2BE16728ED5DE8008AC355 /* Frameworks */,
				3A2BE16828ED5DE8008AC355 /* Resources */,
			);
			buildRules = (
			);
			dependencies = (
				3A2BE16C28ED5DE8008AC355 /* PBXTargetDependency */,
			);
			name = GitHuberUITests;
			productName = GitHuberUITests;
			productReference = 3A2BE16A28ED5DE8008AC355 /* GitHuberUITests.xctest */;
			productType = "com.apple.product-type.bundle.ui-testing";
		};
/* End PBXNativeTarget section */

/* Begin PBXProject section */
		3A2BE13F28ED5DE3008AC355 /* Project object */ = {
			isa = PBXProject;
			attributes = {
				BuildIndependentTargetsInParallel = 1;
				LastSwiftUpdateCheck = 1400;
				LastUpgradeCheck = 1400;
				TargetAttributes = {
					3A2BE14628ED5DE3008AC355 = {
						CreatedOnToolsVersion = 14.0.1;
					};
					3A2BE15F28ED5DE8008AC355 = {
						CreatedOnToolsVersion = 14.0.1;
						TestTargetID = 3A2BE14628ED5DE3008AC355;
					};
					3A2BE16928ED5DE8008AC355 = {
						CreatedOnToolsVersion = 14.0.1;
						TestTargetID = 3A2BE14628ED5DE3008AC355;
					};
				};
			};
			buildConfigurationList = 3A2BE14228ED5DE3008AC355 /* Build configuration list for PBXProject "GitHuber" */;
			compatibilityVersion = "Xcode 14.0";
			developmentRegion = en;
			hasScannedForEncodings = 0;
			knownRegions = (
				en,
				Base,
			);
			mainGroup = 3A2BE13E28ED5DE3008AC355;
			productRefGroup = 3A2BE14828ED5DE3008AC355 /* Products */;
			projectDirPath = "";
			projectRoot = "";
			targets = (
				3A2BE14628ED5DE3008AC355 /* GitHuber */,
				3A2BE15F28ED5DE8008AC355 /* GitHuberTests */,
				3A2BE16928ED5DE8008AC355 /* GitHuberUITests */,
			);
		};
/* End PBXProject section */

/* Begin PBXResourcesBuildPhase section */
		3A2BE14528ED5DE3008AC355 /* Resources */ = {
			isa = PBXResourcesBuildPhase;
			buildActionMask = 2147483647;
			files = (
				3A2BE15A28ED5DE7008AC355 /* LaunchScreen.storyboard in Resources */,
				3A2BE15728ED5DE7008AC355 /* Assets.xcassets in Resources */,
				3A2BE15228ED5DE4008AC355 /* Main.storyboard in Resources */,
			);
			runOnlyForDeploymentPostprocessing = 0;
		};
		3A2BE15E28ED5DE8008AC355 /* Resources */ = {
			isa = PBXResourcesBuildPhase;
			buildActionMask = 2147483647;
			files = (
			);
			runOnlyForDeploymentPostprocessing = 0;
		};
		3A2BE16828ED5DE8008AC355 /* Resources */ = {
			isa = PBXResourcesBuildPhase;
			buildActionMask = 2147483647;
			files = (
			);
			runOnlyForDeploymentPostprocessing = 0;
		};
/* End PBXResourcesBuildPhase section */

/* Begin PBXSourcesBuildPhase section */
		3A2BE14328ED5DE3008AC355 /* Sources */ = {
			isa = PBXSourcesBuildPhase;
			buildActionMask = 2147483647;
			files = (
				3A2BE14F28ED5DE3008AC355 /* ViewController.swift in Sources */,
				3A2BE14B28ED5DE3008AC355 /* AppDelegate.swift in Sources */,
				3A2BE14D28ED5DE3008AC355 /* SceneDelegate.swift in Sources */,
				3A2BE15528ED5DE4008AC355 /* GitHuber.xcdatamodeld in Sources */,
			);
			runOnlyForDeploymentPostprocessing = 0;
		};
		3A2BE15C28ED5DE8008AC355 /* Sources */ = {
			isa = PBXSourcesBuildPhase;
			buildActionMask = 2147483647;
			files = (
				3A2BE16528ED5DE8008AC355 /* GitHuberTests.swift in Sources */,
			);
			runOnlyForDeploymentPostprocessing = 0;
		};
		3A2BE16628ED5DE8008AC355 /* Sources */ = {
			isa = PBXSourcesBuildPhase;
			buildActionMask = 2147483647;
			files = (
				3A2BE17128ED5DE8008AC355 /* GitHuberUITestsLaunchTests.swift in Sources */,
				3A2BE16F28ED5DE8008AC355 /* GitHuberUITests.swift in Sources */,
			);
			runOnlyForDeploymentPostprocessing = 0;
		};
/* End PBXSourcesBuildPhase section */

/* Begin PBXTargetDependency section */
		3A2BE16228ED5DE8008AC355 /* PBXTargetDependency */ = {
			isa = PBXTargetDependency;
			target = 3A2BE14628ED5DE3008AC355 /* GitHuber */;
			targetProxy = 3A2BE16128ED5DE8008AC355 /* PBXContainerItemProxy */;
		};
		3A2BE16C28ED5DE8008AC355 /* PBXTargetDependency */ = {
			isa = PBXTargetDependency;
			target = 3A2BE14628ED5DE3008AC355 /* GitHuber */;
			targetProxy = 3A2BE16B28ED5DE8008AC355 /* PBXContainerItemProxy */;
		};
/* End PBXTargetDependency section */

/* Begin PBXVariantGroup section */
		3A2BE15028ED5DE4008AC355 /* Main.storyboard */ = {
			isa = PBXVariantGroup;
			children = (
				3A2BE15128ED5DE4008AC355 /* Base */,
			);
			name = Main.storyboard;
			sourceTree = "<group>";
		};
		3A2BE15828ED5DE7008AC355 /* LaunchScreen.storyboard */ = {
			isa = PBXVariantGroup;
			children = (
				3A2BE15928ED5DE7008AC355 /* Base */,
			);
			name = LaunchScreen.storyboard;
			sourceTree = "<group>";
		};
/* End PBXVariantGroup section */

/* Begin XCBuildConfiguration section */
		3A2BE17228ED5DE8008AC355 /* Debug */ = {
			isa = XCBuildConfiguration;
			buildSettings = {
				ALWAYS_SEARCH_USER_PATHS = NO;
				CLANG_ANALYZER_NONNULL = YES;
				CLANG_ANALYZER_NUMBER_OBJECT_CONVERSION = YES_AGGRESSIVE;
				CLANG_CXX_LANGUAGE_STANDARD = "gnu++20";
				CLANG_ENABLE_MODULES = YES;
				CLANG_ENABLE_OBJC_ARC = YES;
				CLANG_ENABLE_OBJC_WEAK = YES;
				CLANG_WARN_BLOCK_CAPTURE_AUTORELEASING = YES;
				CLANG_WARN_BOOL_CONVERSION = YES;
				CLANG_WARN_COMMA = YES;
				CLANG_WARN_CONSTANT_CONVERSION = YES;
				CLANG_WARN_DEPRECATED_OBJC_IMPLEMENTATIONS = YES;
				CLANG_WARN_DIRECT_OBJC_ISA_USAGE = YES_ERROR;
				CLANG_WARN_DOCUMENTATION_COMMENTS = YES;
				CLANG_WARN_EMPTY_BODY = YES;
				CLANG_WARN_ENUM_CONVERSION = YES;
				CLANG_WARN_INFINITE_RECURSION = YES;
				CLANG_WARN_INT_CONVERSION = YES;
				CLANG_WARN_NON_LITERAL_NULL_CONVERSION = YES;
				CLANG_WARN_OBJC_IMPLICIT_RETAIN_SELF = YES;
				CLANG_WARN_OBJC_LITERAL_CONVERSION = YES;
				CLANG_WARN_OBJC_ROOT_CLASS = YES_ERROR;
				CLANG_WARN_QUOTED_INCLUDE_IN_FRAMEWORK_HEADER = YES;
				CLANG_WARN_RANGE_LOOP_ANALYSIS = YES;
				CLANG_WARN_STRICT_PROTOTYPES = YES;
				CLANG_WARN_SUSPICIOUS_MOVE = YES;
				CLANG_WARN_UNGUARDED_AVAILABILITY = YES_AGGRESSIVE;
				CLANG_WARN_UNREACHABLE_CODE = YES;
				CLANG_WARN__DUPLICATE_METHOD_MATCH = YES;
				COPY_PHASE_STRIP = NO;
				DEBUG_INFORMATION_FORMAT = dwarf;
				ENABLE_STRICT_OBJC_MSGSEND = YES;
				ENABLE_TESTABILITY = YES;
				GCC_C_LANGUAGE_STANDARD = gnu11;
				GCC_DYNAMIC_NO_PIC = NO;
				GCC_NO_COMMON_BLOCKS = YES;
				GCC_OPTIMIZATION_LEVEL = 0;
				GCC_PREPROCESSOR_DEFINITIONS = (
					"DEBUG=1",
					"$(inherited)",
				);
				GCC_WARN_64_TO_32_BIT_CONVERSION = YES;
				GCC_WARN_ABOUT_RETURN_TYPE = YES_ERROR;
				GCC_WARN_UNDECLARED_SELECTOR = YES;
				GCC_WARN_UNINITIALIZED_AUTOS = YES_AGGRESSIVE;
				GCC_WARN_UNUSED_FUNCTION = YES;
				GCC_WARN_UNUSED_VARIABLE = YES;
				IPHONEOS_DEPLOYMENT_TARGET = 16.0;
				MTL_ENABLE_DEBUG_INFO = INCLUDE_SOURCE;
				MTL_FAST_MATH = YES;
				ONLY_ACTIVE_ARCH = YES;
				SDKROOT = iphoneos;
				SWIFT_ACTIVE_COMPILATION_CONDITIONS = DEBUG;
				SWIFT_OPTIMIZATION_LEVEL = "-Onone";
			};
			name = Debug;
		};
		3A2BE17328ED5DE8008AC355 /* Release */ = {
			isa = XCBuildConfiguration;
			buildSettings = {
				ALWAYS_SEARCH_USER_PATHS = NO;
				CLANG_ANALYZER_NONNULL = YES;
				CLANG_ANALYZER_NUMBER_OBJECT_CONVERSION = YES_AGGRESSIVE;
				CLANG_CXX_LANGUAGE_STANDARD = "gnu++20";
				CLANG_ENABLE_MODULES = YES;
				CLANG_ENABLE_OBJC_ARC = YES;
				CLANG_ENABLE_OBJC_WEAK = YES;
				CLANG_WARN_BLOCK_CAPTURE_AUTORELEASING = YES;
				CLANG_WARN_BOOL_CONVERSION = YES;
				CLANG_WARN_COMMA = YES;
				CLANG_WARN_CONSTANT_CONVERSION = YES;
				CLANG_WARN_DEPRECATED_OBJC_IMPLEMENTATIONS = YES;
				CLANG_WARN_DIRECT_OBJC_ISA_USAGE = YES_ERROR;
				CLANG_WARN_DOCUMENTATION_COMMENTS = YES;
				CLANG_WARN_EMPTY_BODY = YES;
				CLANG_WARN_ENUM_CONVERSION = YES;
				CLANG_WARN_INFINITE_RECURSION = YES;
				CLANG_WARN_INT_CONVERSION = YES;
				CLANG_WARN_NON_LITERAL_NULL_CONVERSION = YES;
				CLANG_WARN_OBJC_IMPLICIT_RETAIN_SELF = YES;
				CLANG_WARN_OBJC_LITERAL_CONVERSION = YES;
				CLANG_WARN_OBJC_ROOT_CLASS = YES_ERROR;
				CLANG_WARN_QUOTED_INCLUDE_IN_FRAMEWORK_HEADER = YES;
				CLANG_WARN_RANGE_LOOP_ANALYSIS = YES;
				CLANG_WARN_STRICT_PROTOTYPES = YES;
				CLANG_WARN_SUSPICIOUS_MOVE = YES;
				CLANG_WARN_UNGUARDED_AVAILABILITY = YES_AGGRESSIVE;
				CLANG_WARN_UNREACHABLE_CODE = YES;
				CLANG_WARN__DUPLICATE_METHOD_MATCH = YES;
				COPY_PHASE_STRIP = NO;
				DEBUG_INFORMATION_FORMAT = "dwarf-with-dsym";
				ENABLE_NS_ASSERTIONS = NO;
				ENABLE_STRICT_OBJC_MSGSEND = YES;
				GCC_C_LANGUAGE_STANDARD = gnu11;
				GCC_NO_COMMON_BLOCKS = YES;
				GCC_WARN_64_TO_32_BIT_CONVERSION = YES;
				GCC_WARN_ABOUT_RETURN_TYPE = YES_ERROR;
				GCC_WARN_UNDECLARED_SELECTOR = YES;
				GCC_WARN_UNINITIALIZED_AUTOS = YES_AGGRESSIVE;
				GCC_WARN_UNUSED_FUNCTION = YES;
				GCC_WARN_UNUSED_VARIABLE = YES;
				IPHONEOS_DEPLOYMENT_TARGET = 16.0;
				MTL_ENABLE_DEBUG_INFO = NO;
				MTL_FAST_MATH = YES;
				SDKROOT = iphoneos;
				SWIFT_COMPILATION_MODE = wholemodule;
				SWIFT_OPTIMIZATION_LEVEL = "-O";
				VALIDATE_PRODUCT = YES;
			};
			name = Release;
		};
		3A2BE17528ED5DE8008AC355 /* Debug */ = {
			isa = XCBuildConfiguration;
			buildSettings = {
				ASSETCATALOG_COMPILER_APPICON_NAME = AppIcon;
				ASSETCATALOG_COMPILER_GLOBAL_ACCENT_COLOR_NAME = AccentColor;
				CODE_SIGN_STYLE = Automatic;
				CURRENT_PROJECT_VERSION = 1;
				DEVELOPMENT_TEAM = N5FXF37X65;
				GENERATE_INFOPLIST_FILE = YES;
				INFOPLIST_FILE = GitHuber/Info.plist;
				INFOPLIST_KEY_UIApplicationSupportsIndirectInputEvents = YES;
				INFOPLIST_KEY_UILaunchStoryboardName = LaunchScreen;
				INFOPLIST_KEY_UIMainStoryboardFile = Main;
				INFOPLIST_KEY_UISupportedInterfaceOrientations_iPad = "UIInterfaceOrientationPortrait UIInterfaceOrientationPortraitUpsideDown UIInterfaceOrientationLandscapeLeft UIInterfaceOrientationLandscapeRight";
				INFOPLIST_KEY_UISupportedInterfaceOrientations_iPhone = "UIInterfaceOrientationPortrait UIInterfaceOrientationLandscapeLeft UIInterfaceOrientationLandscapeRight";
				LD_RUNPATH_SEARCH_PATHS = (
					"$(inherited)",
					"@executable_path/Frameworks",
				);
				MARKETING_VERSION = 1.0;
				PRODUCT_BUNDLE_IDENTIFIER = Neestackich.GitHuber;
				PRODUCT_NAME = "$(TARGET_NAME)";
				SWIFT_EMIT_LOC_STRINGS = YES;
				SWIFT_VERSION = 5.0;
				TARGETED_DEVICE_FAMILY = "1,2";
			};
			name = Debug;
		};
		3A2BE17628ED5DE8008AC355 /* Release */ = {
			isa = XCBuildConfiguration;
			buildSettings = {
				ASSETCATALOG_COMPILER_APPICON_NAME = AppIcon;
				ASSETCATALOG_COMPILER_GLOBAL_ACCENT_COLOR_NAME = AccentColor;
				CODE_SIGN_STYLE = Automatic;
				CURRENT_PROJECT_VERSION = 1;
				DEVELOPMENT_TEAM = N5FXF37X65;
				GENERATE_INFOPLIST_FILE = YES;
				INFOPLIST_FILE = GitHuber/Info.plist;
				INFOPLIST_KEY_UIApplicationSupportsIndirectInputEvents = YES;
				INFOPLIST_KEY_UILaunchStoryboardName = LaunchScreen;
				INFOPLIST_KEY_UIMainStoryboardFile = Main;
				INFOPLIST_KEY_UISupportedInterfaceOrientations_iPad = "UIInterfaceOrientationPortrait UIInterfaceOrientationPortraitUpsideDown UIInterfaceOrientationLandscapeLeft UIInterfaceOrientationLandscapeRight";
				INFOPLIST_KEY_UISupportedInterfaceOrientations_iPhone = "UIInterfaceOrientationPortrait UIInterfaceOrientationLandscapeLeft UIInterfaceOrientationLandscapeRight";
				LD_RUNPATH_SEARCH_PATHS = (
					"$(inherited)",
					"@executable_path/Frameworks",
				);
				MARKETING_VERSION = 1.0;
				PRODUCT_BUNDLE_IDENTIFIER = Neestackich.GitHuber;
				PRODUCT_NAME = "$(TARGET_NAME)";
				SWIFT_EMIT_LOC_STRINGS = YES;
				SWIFT_VERSION = 5.0;
				TARGETED_DEVICE_FAMILY = "1,2";
			};
			name = Release;
		};
		3A2BE17828ED5DE8008AC355 /* Debug */ = {
			isa = XCBuildConfiguration;
			buildSettings = {
				ALWAYS_EMBED_SWIFT_STANDARD_LIBRARIES = YES;
				BUNDLE_LOADER = "$(TEST_HOST)";
				CODE_SIGN_STYLE = Automatic;
				CURRENT_PROJECT_VERSION = 1;
				DEVELOPMENT_TEAM = N5FXF37X65;
				GENERATE_INFOPLIST_FILE = YES;
				IPHONEOS_DEPLOYMENT_TARGET = 16.0;
				MARKETING_VERSION = 1.0;
				PRODUCT_BUNDLE_IDENTIFIER = Neestackich.GitHuberTests;
				PRODUCT_NAME = "$(TARGET_NAME)";
				SWIFT_EMIT_LOC_STRINGS = NO;
				SWIFT_VERSION = 5.0;
				TARGETED_DEVICE_FAMILY = "1,2";
				TEST_HOST = "$(BUILT_PRODUCTS_DIR)/GitHuber.app/$(BUNDLE_EXECUTABLE_FOLDER_PATH)/GitHuber";
			};
			name = Debug;
		};
		3A2BE17928ED5DE8008AC355 /* Release */ = {
			isa = XCBuildConfiguration;
			buildSettings = {
				ALWAYS_EMBED_SWIFT_STANDARD_LIBRARIES = YES;
				BUNDLE_LOADER = "$(TEST_HOST)";
				CODE_SIGN_STYLE = Automatic;
				CURRENT_PROJECT_VERSION = 1;
				DEVELOPMENT_TEAM = N5FXF37X65;
				GENERATE_INFOPLIST_FILE = YES;
				IPHONEOS_DEPLOYMENT_TARGET = 16.0;
				MARKETING_VERSION = 1.0;
				PRODUCT_BUNDLE_IDENTIFIER = Neestackich.GitHuberTests;
				PRODUCT_NAME = "$(TARGET_NAME)";
				SWIFT_EMIT_LOC_STRINGS = NO;
				SWIFT_VERSION = 5.0;
				TARGETED_DEVICE_FAMILY = "1,2";
				TEST_HOST = "$(BUILT_PRODUCTS_DIR)/GitHuber.app/$(BUNDLE_EXECUTABLE_FOLDER_PATH)/GitHuber";
			};
			name = Release;
		};
		3A2BE17B28ED5DE8008AC355 /* Debug */ = {
			isa = XCBuildConfiguration;
			buildSettings = {
				ALWAYS_EMBED_SWIFT_STANDARD_LIBRARIES = YES;
				CODE_SIGN_STYLE = Automatic;
				CURRENT_PROJECT_VERSION = 1;
				DEVELOPMENT_TEAM = N5FXF37X65;
				GENERATE_INFOPLIST_FILE = YES;
				MARKETING_VERSION = 1.0;
				PRODUCT_BUNDLE_IDENTIFIER = Neestackich.GitHuberUITests;
				PRODUCT_NAME = "$(TARGET_NAME)";
				SWIFT_EMIT_LOC_STRINGS = NO;
				SWIFT_VERSION = 5.0;
				TARGETED_DEVICE_FAMILY = "1,2";
				TEST_TARGET_NAME = GitHuber;
			};
			name = Debug;
		};
		3A2BE17C28ED5DE8008AC355 /* Release */ = {
			isa = XCBuildConfiguration;
			buildSettings = {
				ALWAYS_EMBED_SWIFT_STANDARD_LIBRARIES = YES;
				CODE_SIGN_STYLE = Automatic;
				CURRENT_PROJECT_VERSION = 1;
				DEVELOPMENT_TEAM = N5FXF37X65;
				GENERATE_INFOPLIST_FILE = YES;
				MARKETING_VERSION = 1.0;
				PRODUCT_BUNDLE_IDENTIFIER = Neestackich.GitHuberUITests;
				PRODUCT_NAME = "$(TARGET_NAME)";
				SWIFT_EMIT_LOC_STRINGS = NO;
				SWIFT_VERSION = 5.0;
				TARGETED_DEVICE_FAMILY = "1,2";
				TEST_TARGET_NAME = GitHuber;
			};
			name = Release;
		};
/* End XCBuildConfiguration section */

/* Begin XCConfigurationList section */
		3A2BE14228ED5DE3008AC355 /* Build configuration list for PBXProject "GitHuber" */ = {
			isa = XCConfigurationList;
			buildConfigurations = (
				3A2BE17228ED5DE8008AC355 /* Debug */,
				3A2BE17328ED5DE8008AC355 /* Release */,
			);
			defaultConfigurationIsVisible = 0;
			defaultConfigurationName = Release;
		};
		3A2BE17428ED5DE8008AC355 /* Build configuration list for PBXNativeTarget "GitHuber" */ = {
			isa = XCConfigurationList;
			buildConfigurations = (
				3A2BE17528ED5DE8008AC355 /* Debug */,
				3A2BE17628ED5DE8008AC355 /* Release */,
			);
			defaultConfigurationIsVisible = 0;
			defaultConfigurationName = Release;
		};
		3A2BE17728ED5DE8008AC355 /* Build configuration list for PBXNativeTarget "GitHuberTests" */ = {
			isa = XCConfigurationList;
			buildConfigurations = (
				3A2BE17828ED5DE8008AC355 /* Debug */,
				3A2BE17928ED5DE8008AC355 /* Release */,
			);
			defaultConfigurationIsVisible = 0;
			defaultConfigurationName = Release;
		};
		3A2BE17A28ED5DE8008AC355 /* Build configuration list for PBXNativeTarget "GitHuberUITests" */ = {
			isa = XCConfigurationList;
			buildConfigurations = (
				3A2BE17B28ED5DE8008AC355 /* Debug */,
				3A2BE17C28ED5DE8008AC355 /* Release */,
			);
			defaultConfigurationIsVisible = 0;
			defaultConfigurationName = Release;
		};
/* End XCConfigurationList section */

/* Begin XCVersionGroup section */
		3A2BE15328ED5DE4008AC355 /* GitHuber.xcdatamodeld */ = {
			isa = XCVersionGroup;
			children = (
				3A2BE15428ED5DE4008AC355 /* GitHuber.xcdatamodel */,
			);
			currentVersion = 3A2BE15428ED5DE4008AC355 /* GitHuber.xcdatamodel */;
			path = GitHuber.xcdatamodeld;
			sourceTree = "<group>";
			versionGroupType = wrapper.xcdatamodel;
		};
/* End XCVersionGroup section */
	};
	rootObject = 3A2BE13F28ED5DE3008AC355 /* Project object */;
}
